// !$*UTF8*$!
{
	archiveVersion = 1;
	classes = {
	};
	objectVersion = 46;
	objects = {

/* Begin PBXBuildFile section */
		0335B8D7175A3CE500F84B02 /* UIKit.framework in Frameworks */ = {isa = PBXBuildFile; fileRef = 0335B8D6175A3CE500F84B02 /* UIKit.framework */; };
		0335B8D9175A3CE500F84B02 /* Foundation.framework in Frameworks */ = {isa = PBXBuildFile; fileRef = 0335B8D8175A3CE500F84B02 /* Foundation.framework */; };
		0335B8DB175A3CE500F84B02 /* CoreGraphics.framework in Frameworks */ = {isa = PBXBuildFile; fileRef = 0335B8DA175A3CE500F84B02 /* CoreGraphics.framework */; };
		0335B8E1175A3CE500F84B02 /* InfoPlist.strings in Resources */ = {isa = PBXBuildFile; fileRef = 0335B8DF175A3CE500F84B02 /* InfoPlist.strings */; };
		0335B8E3175A3CE500F84B02 /* main.m in Sources */ = {isa = PBXBuildFile; fileRef = 0335B8E2175A3CE500F84B02 /* main.m */; };
		0335B8E7175A3CE500F84B02 /* AppDelegate.m in Sources */ = {isa = PBXBuildFile; fileRef = 0335B8E6175A3CE500F84B02 /* AppDelegate.m */; };
		0335B8F0175A3CE500F84B02 /* ViewController.m in Sources */ = {isa = PBXBuildFile; fileRef = 0335B8EF175A3CE500F84B02 /* ViewController.m */; };
/* End PBXBuildFile section */

/* Begin PBXFileReference section */
		0335B8D3175A3CE500F84B02 /* Labs 1.4.app */ = {isa = PBXFileReference; explicitFileType = wrapper.application; includeInIndex = 0; path = "Labs 1.4.app"; sourceTree = BUILT_PRODUCTS_DIR; };
		0335B8D6175A3CE500F84B02 /* UIKit.framework */ = {isa = PBXFileReference; lastKnownFileType = wrapper.framework; name = UIKit.framework; path = System/Library/Frameworks/UIKit.framework; sourceTree = SDKROOT; };
		0335B8D8175A3CE500F84B02 /* Foundation.framework */ = {isa = PBXFileReference; lastKnownFileType = wrapper.framework; name = Foundation.framework; path = System/Library/Frameworks/Foundation.framework; sourceTree = SDKROOT; };
		0335B8DA175A3CE500F84B02 /* CoreGraphics.framework */ = {isa = PBXFileReference; lastKnownFileType = wrapper.framework; name = CoreGraphics.framework; path = System/Library/Frameworks/CoreGraphics.framework; sourceTree = SDKROOT; };
		0335B8DE175A3CE500F84B02 /* Labs 1.4-Info.plist */ = {isa = PBXFileReference; lastKnownFileType = text.plist.xml; path = "Labs 1.4-Info.plist"; sourceTree = "<group>"; };
		0335B8E0175A3CE500F84B02 /* en */ = {isa = PBXFileReference; lastKnownFileType = text.plist.strings; name = en; path = en.lproj/InfoPlist.strings; sourceTree = "<group>"; };
		0335B8E2175A3CE500F84B02 /* main.m */ = {isa = PBXFileReference; lastKnownFileType = sourcecode.c.objc; path = main.m; sourceTree = "<group>"; };
		0335B8E4175A3CE500F84B02 /* Labs 1.4-Prefix.pch */ = {isa = PBXFileReference; lastKnownFileType = sourcecode.c.h; path = "Labs 1.4-Prefix.pch"; sourceTree = "<group>"; };
		0335B8E5175A3CE500F84B02 /* AppDelegate.h */ = {isa = PBXFileReference; lastKnownFileType = sourcecode.c.h; path = AppDelegate.h; sourceTree = "<group>"; };
		0335B8E6175A3CE500F84B02 /* AppDelegate.m */ = {isa = PBXFileReference; lastKnownFileType = sourcecode.c.objc; path = AppDelegate.m; sourceTree = "<group>"; };
		0335B8EE175A3CE500F84B02 /* ViewController.h */ = {isa = PBXFileReference; lastKnownFileType = sourcecode.c.h; path = ViewController.h; sourceTree = "<group>"; };
		0335B8EF175A3CE500F84B02 /* ViewController.m */ = {isa = PBXFileReference; lastKnownFileType = sourcecode.c.objc; path = ViewController.m; sourceTree = "<group>"; };
/* End PBXFileReference section */

/* Begin PBXFrameworksBuildPhase section */
		0335B8D0175A3CE500F84B02 /* Frameworks */ = {
			isa = PBXFrameworksBuildPhase;
			buildActionMask = 2147483647;
			files = (
				0335B8D7175A3CE500F84B02 /* UIKit.framework in Frameworks */,
				0335B8D9175A3CE500F84B02 /* Foundation.framework in Frameworks */,
				0335B8DB175A3CE500F84B02 /* CoreGraphics.framework in Frameworks */,
			);
			runOnlyForDeploymentPostprocessing = 0;
		};
/* End PBXFrameworksBuildPhase section */

/* Begin PBXGroup section */
		0335B8CA175A3CE500F84B02 = {
			isa = PBXGroup;
			children = (
				0335B8DC175A3CE500F84B02 /* Labs 1.4 */,
				0335B8D5175A3CE500F84B02 /* Frameworks */,
				0335B8D4175A3CE500F84B02 /* Products */,
			);
			sourceTree = "<group>";
		};
		0335B8D4175A3CE500F84B02 /* Products */ = {
			isa = PBXGroup;
			children = (
				0335B8D3175A3CE500F84B02 /* Labs 1.4.app */,
			);
			name = Products;
			sourceTree = "<group>";
		};
		0335B8D5175A3CE500F84B02 /* Frameworks */ = {
			isa = PBXGroup;
			children = (
				0335B8D6175A3CE500F84B02 /* UIKit.framework */,
				0335B8D8175A3CE500F84B02 /* Foundation.framework */,
				0335B8DA175A3CE500F84B02 /* CoreGraphics.framework */,
			);
			name = Frameworks;
			sourceTree = "<group>";
		};
		0335B8DC175A3CE500F84B02 /* Labs 1.4 */ = {
			isa = PBXGroup;
			children = (
				0335B8E5175A3CE500F84B02 /* AppDelegate.h */,
				0335B8E6175A3CE500F84B02 /* AppDelegate.m */,
				0335B8EE175A3CE500F84B02 /* ViewController.h */,
				0335B8EF175A3CE500F84B02 /* ViewController.m */,
				0335B8DD175A3CE500F84B02 /* Supporting Files */,
			);
			path = "Labs 1.4";
			sourceTree = "<group>";
		};
		0335B8DD175A3CE500F84B02 /* Supporting Files */ = {
			isa = PBXGroup;
			children = (
				0335B8DE175A3CE500F84B02 /* Labs 1.4-Info.plist */,
				0335B8DF175A3CE500F84B02 /* InfoPlist.strings */,
				0335B8E2175A3CE500F84B02 /* main.m */,
				0335B8E4175A3CE500F84B02 /* Labs 1.4-Prefix.pch */,
			);
			name = "Supporting Files";
			sourceTree = "<group>";
		};
/* End PBXGroup section */

/* Begin PBXNativeTarget section */
		0335B8D2175A3CE500F84B02 /* Labs 1.4 */ = {
			isa = PBXNativeTarget;
			buildConfigurationList = 0335B8F6175A3CE500F84B02 /* Build configuration list for PBXNativeTarget "Labs 1.4" */;
			buildPhases = (
				0335B8CF175A3CE500F84B02 /* Sources */,
				0335B8D0175A3CE500F84B02 /* Frameworks */,
				0335B8D1175A3CE500F84B02 /* Resources */,
			);
			buildRules = (
			);
			dependencies = (
			);
			name = "Labs 1.4";
			productName = "Labs 1.4";
			productReference = 0335B8D3175A3CE500F84B02 /* Labs 1.4.app */;
			productType = "com.apple.product-type.application";
		};
/* End PBXNativeTarget section */

/* Begin PBXProject section */
		0335B8CB175A3CE500F84B02 /* Project object */ = {
			isa = PBXProject;
			attributes = {
				LastUpgradeCheck = 0460;
				ORGANIZATIONNAME = "Nicolas VERINAUD";
			};
			buildConfigurationList = 0335B8CE175A3CE500F84B02 /* Build configuration list for PBXProject "Labs 1.4" */;
			compatibilityVersion = "Xcode 3.2";
			developmentRegion = English;
			hasScannedForEncodings = 0;
			knownRegions = (
				en,
			);
			mainGroup = 0335B8CA175A3CE500F84B02;
			productRefGroup = 0335B8D4175A3CE500F84B02 /* Products */;
			projectDirPath = "";
			projectRoot = "";
			targets = (
				0335B8D2175A3CE500F84B02 /* Labs 1.4 */,
			);
		};
/* End PBXProject section */

/* Begin PBXResourcesBuildPhase section */
		0335B8D1175A3CE500F84B02 /* Resources */ = {
			isa = PBXResourcesBuildPhase;
			buildActionMask = 2147483647;
			files = (
				0335B8E1175A3CE500F84B02 /* InfoPlist.strings in Resources */,
			);
			runOnlyForDeploymentPostprocessing = 0;
		};
/* End PBXResourcesBuildPhase section */

/* Begin PBXSourcesBuildPhase section */
		0335B8CF175A3CE500F84B02 /* Sources */ = {
			isa = PBXSourcesBuildPhase;
			buildActionMask = 2147483647;
			files = (
				0335B8E3175A3CE500F84B02 /* main.m in Sources */,
				0335B8E7175A3CE500F84B02 /* AppDelegate.m in Sources */,
				0335B8F0175A3CE500F84B02 /* ViewController.m in Sources */,
			);
			runOnlyForDeploymentPostprocessing = 0;
		};
/* End PBXSourcesBuildPhase section */

/* Begin PBXVariantGroup section */
		0335B8DF175A3CE500F84B02 /* InfoPlist.strings */ = {
			isa = PBXVariantGroup;
			children = (
				0335B8E0175A3CE500F84B02 /* en */,
			);
			name = InfoPlist.strings;
			sourceTree = "<group>";
		};
/* End PBXVariantGroup section */

/* Begin XCBuildConfiguration section */
		0335B8F4175A3CE500F84B02 /* Debug */ = {
			isa = XCBuildConfiguration;
			buildSettings = {
				ALWAYS_SEARCH_USER_PATHS = NO;
				CLANG_CXX_LANGUAGE_STANDARD = "gnu++0x";
				CLANG_CXX_LIBRARY = "libc++";
				CLANG_WARN_CONSTANT_CONVERSION = YES;
				CLANG_WARN_EMPTY_BODY = YES;
				CLANG_WARN_ENUM_CONVERSION = YES;
				CLANG_WARN_INT_CONVERSION = YES;
				CLANG_WARN__DUPLICATE_METHOD_MATCH = YES;
				"CODE_SIGN_IDENTITY[sdk=iphoneos*]" = "iPhone Developer";
				COPY_PHASE_STRIP = NO;
				GCC_C_LANGUAGE_STANDARD = gnu99;
				GCC_DYNAMIC_NO_PIC = NO;
				GCC_OPTIMIZATION_LEVEL = 0;
				GCC_PREPROCESSOR_DEFINITIONS = (
					"DEBUG=1",
					"$(inherited)",
				);
				GCC_SYMBOLS_PRIVATE_EXTERN = NO;
				GCC_WARN_ABOUT_RETURN_TYPE = YES;
				GCC_WARN_UNINITIALIZED_AUTOS = YES;
				GCC_WARN_UNUSED_VARIABLE = YES;
				IPHONEOS_DEPLOYMENT_TARGET = 6.1;
				ONLY_ACTIVE_ARCH = YES;
				SDKROOT = iphoneos;
			};
			name = Debug;
		};
		0335B8F5175A3CE500F84B02 /* Release */ = {
			isa = XCBuildConfiguration;
			buildSettings = {
				ALWAYS_SEARCH_USER_PATHS = NO;
				CLANG_CXX_LANGUAGE_STANDARD = "gnu++0x";
				CLANG_CXX_LIBRARY = "libc++";
				CLANG_WARN_CONSTANT_CONVERSION = YES;
				CLANG_WARN_EMPTY_BODY = YES;
				CLANG_WARN_ENUM_CONVERSION = YES;
				CLANG_WARN_INT_CONVERSION = YES;
				CLANG_WARN__DUPLICATE_METHOD_MATCH = YES;
				"CODE_SIGN_IDENTITY[sdk=iphoneos*]" = "iPhone Developer";
				COPY_PHASE_STRIP = YES;
				GCC_C_LANGUAGE_STANDARD = gnu99;
				GCC_WARN_ABOUT_RETURN_TYPE = YES;
				GCC_WARN_UNINITIALIZED_AUTOS = YES;
				GCC_WARN_UNUSED_VARIABLE = YES;
				IPHONEOS_DEPLOYMENT_TARGET = 6.1;
				OTHER_CFLAGS = "-DNS_BLOCK_ASSERTIONS=1";
				SDKROOT = iphoneos;
				VALIDATE_PRODUCT = YES;
			};
			name = Release;
		};
		0335B8F7175A3CE500F84B02 /* Debug */ = {
			isa = XCBuildConfiguration;
			buildSettings = {
				GCC_PRECOMPILE_PREFIX_HEADER = YES;
				GCC_PREFIX_HEADER = "Labs 1.4/Labs 1.4-Prefix.pch";
				INFOPLIST_FILE = "Labs 1.4/Labs 1.4-Info.plist";
				PRODUCT_NAME = "$(TARGET_NAME)";
				WRAPPER_EXTENSION = app;
			};
			name = Debug;
		};
		0335B8F8175A3CE500F84B02 /* Release */ = {
			isa = XCBuildConfiguration;
			buildSettings = {
				GCC_PRECOMPILE_PREFIX_HEADER = YES;
				GCC_PREFIX_HEADER = "Labs 1.4/Labs 1.4-Prefix.pch";
				INFOPLIST_FILE = "Labs 1.4/Labs 1.4-Info.plist";
				PRODUCT_NAME = "$(TARGET_NAME)";
				WRAPPER_EXTENSION = app;
			};
			name = Release;
		};
/* End XCBuildConfiguration section */

/* Begin XCConfigurationList section */
		0335B8CE175A3CE500F84B02 /* Build configuration list for PBXProject "Labs 1.4" */ = {
			isa = XCConfigurationList;
			buildConfigurations = (
				0335B8F4175A3CE500F84B02 /* Debug */,
				0335B8F5175A3CE500F84B02 /* Release */,
			);
			defaultConfigurationIsVisible = 0;
			defaultConfigurationName = Release;
		};
		0335B8F6175A3CE500F84B02 /* Build configuration list for PBXNativeTarget "Labs 1.4" */ = {
			isa = XCConfigurationList;
			buildConfigurations = (
				0335B8F7175A3CE500F84B02 /* Debug */,
				0335B8F8175A3CE500F84B02 /* Release */,
			);
			defaultConfigurationIsVisible = 0;
		};
/* End XCConfigurationList section */
	};
	rootObject = 0335B8CB175A3CE500F84B02 /* Project object */;
}
