// !$*UTF8*$!
{
	archiveVersion = 1;
	classes = {
	};
	objectVersion = 46;
	objects = {

/* Begin PBXBuildFile section */
		03AAAE651AA5F3BE002C3710 /* main.m in Sources */ = {isa = PBXBuildFile; fileRef = 03AAAE641AA5F3BE002C3710 /* main.m */; };
		03AAAE681AA5F3BE002C3710 /* AppDelegate.m in Sources */ = {isa = PBXBuildFile; fileRef = 03AAAE671AA5F3BE002C3710 /* AppDelegate.m */; };
		03AAAE6B1AA5F3BE002C3710 /* ViewController.m in Sources */ = {isa = PBXBuildFile; fileRef = 03AAAE6A1AA5F3BE002C3710 /* ViewController.m */; };
		03AAAE6E1AA5F3BE002C3710 /* Main.storyboard in Resources */ = {isa = PBXBuildFile; fileRef = 03AAAE6C1AA5F3BE002C3710 /* Main.storyboard */; };
		03AAAE701AA5F3BE002C3710 /* Images.xcassets in Resources */ = {isa = PBXBuildFile; fileRef = 03AAAE6F1AA5F3BE002C3710 /* Images.xcassets */; };
		03AAAE731AA5F3BE002C3710 /* LaunchScreen.xib in Resources */ = {isa = PBXBuildFile; fileRef = 03AAAE711AA5F3BE002C3710 /* LaunchScreen.xib */; };
		03AAAE7F1AA5F3BE002C3710 /* DemoStoryboardTests.m in Sources */ = {isa = PBXBuildFile; fileRef = 03AAAE7E1AA5F3BE002C3710 /* DemoStoryboardTests.m */; };
/* End PBXBuildFile section */

/* Begin PBXContainerItemProxy section */
		03AAAE791AA5F3BE002C3710 /* PBXContainerItemProxy */ = {
			isa = PBXContainerItemProxy;
			containerPortal = 03AAAE571AA5F3BE002C3710 /* Project object */;
			proxyType = 1;
			remoteGlobalIDString = 03AAAE5E1AA5F3BE002C3710;
			remoteInfo = DemoStoryboard;
		};
/* End PBXContainerItemProxy section */

/* Begin PBXFileReference section */
		03AAAE5F1AA5F3BE002C3710 /* DemoStoryboard.app */ = {isa = PBXFileReference; explicitFileType = wrapper.application; includeInIndex = 0; path = DemoStoryboard.app; sourceTree = BUILT_PRODUCTS_DIR; };
		03AAAE631AA5F3BE002C3710 /* Info.plist */ = {isa = PBXFileReference; lastKnownFileType = text.plist.xml; path = Info.plist; sourceTree = "<group>"; };
		03AAAE641AA5F3BE002C3710 /* main.m */ = {isa = PBXFileReference; lastKnownFileType = sourcecode.c.objc; path = main.m; sourceTree = "<group>"; };
		03AAAE661AA5F3BE002C3710 /* AppDelegate.h */ = {isa = PBXFileReference; lastKnownFileType = sourcecode.c.h; path = AppDelegate.h; sourceTree = "<group>"; };
		03AAAE671AA5F3BE002C3710 /* AppDelegate.m */ = {isa = PBXFileReference; lastKnownFileType = sourcecode.c.objc; path = AppDelegate.m; sourceTree = "<group>"; };
		03AAAE691AA5F3BE002C3710 /* ViewController.h */ = {isa = PBXFileReference; lastKnownFileType = sourcecode.c.h; path = ViewController.h; sourceTree = "<group>"; };
		03AAAE6A1AA5F3BE002C3710 /* ViewController.m */ = {isa = PBXFileReference; lastKnownFileType = sourcecode.c.objc; path = ViewController.m; sourceTree = "<group>"; };
		03AAAE6D1AA5F3BE002C3710 /* Base */ = {isa = PBXFileReference; lastKnownFileType = file.storyboard; name = Base; path = Base.lproj/Main.storyboard; sourceTree = "<group>"; };
		03AAAE6F1AA5F3BE002C3710 /* Images.xcassets */ = {isa = PBXFileReference; lastKnownFileType = folder.assetcatalog; path = Images.xcassets; sourceTree = "<group>"; };
		03AAAE721AA5F3BE002C3710 /* Base */ = {isa = PBXFileReference; lastKnownFileType = file.xib; name = Base; path = Base.lproj/LaunchScreen.xib; sourceTree = "<group>"; };
		03AAAE781AA5F3BE002C3710 /* DemoStoryboardTests.xctest */ = {isa = PBXFileReference; explicitFileType = wrapper.cfbundle; includeInIndex = 0; path = DemoStoryboardTests.xctest; sourceTree = BUILT_PRODUCTS_DIR; };
		03AAAE7D1AA5F3BE002C3710 /* Info.plist */ = {isa = PBXFileReference; lastKnownFileType = text.plist.xml; path = Info.plist; sourceTree = "<group>"; };
		03AAAE7E1AA5F3BE002C3710 /* DemoStoryboardTests.m */ = {isa = PBXFileReference; lastKnownFileType = sourcecode.c.objc; path = DemoStoryboardTests.m; sourceTree = "<group>"; };
/* End PBXFileReference section */

/* Begin PBXFrameworksBuildPhase section */
		03AAAE5C1AA5F3BE002C3710 /* Frameworks */ = {
			isa = PBXFrameworksBuildPhase;
			buildActionMask = 2147483647;
			files = (
			);
			runOnlyForDeploymentPostprocessing = 0;
		};
		03AAAE751AA5F3BE002C3710 /* Frameworks */ = {
			isa = PBXFrameworksBuildPhase;
			buildActionMask = 2147483647;
			files = (
			);
			runOnlyForDeploymentPostprocessing = 0;
		};
/* End PBXFrameworksBuildPhase section */

/* Begin PBXGroup section */
		03AAAE561AA5F3BE002C3710 = {
			isa = PBXGroup;
			children = (
				03AAAE611AA5F3BE002C3710 /* DemoStoryboard */,
				03AAAE7B1AA5F3BE002C3710 /* DemoStoryboardTests */,
				03AAAE601AA5F3BE002C3710 /* Products */,
			);
			sourceTree = "<group>";
		};
		03AAAE601AA5F3BE002C3710 /* Products */ = {
			isa = PBXGroup;
			children = (
				03AAAE5F1AA5F3BE002C3710 /* DemoStoryboard.app */,
				03AAAE781AA5F3BE002C3710 /* DemoStoryboardTests.xctest */,
			);
			name = Products;
			sourceTree = "<group>";
		};
		03AAAE611AA5F3BE002C3710 /* DemoStoryboard */ = {
			isa = PBXGroup;
			children = (
				03AAAE661AA5F3BE002C3710 /* AppDelegate.h */,
				03AAAE671AA5F3BE002C3710 /* AppDelegate.m */,
				03AAAE691AA5F3BE002C3710 /* ViewController.h */,
				03AAAE6A1AA5F3BE002C3710 /* ViewController.m */,
				03AAAE6C1AA5F3BE002C3710 /* Main.storyboard */,
				03AAAE6F1AA5F3BE002C3710 /* Images.xcassets */,
				03AAAE711AA5F3BE002C3710 /* LaunchScreen.xib */,
				03AAAE621AA5F3BE002C3710 /* Supporting Files */,
			);
			path = DemoStoryboard;
			sourceTree = "<group>";
		};
		03AAAE621AA5F3BE002C3710 /* Supporting Files */ = {
			isa = PBXGroup;
			children = (
				03AAAE631AA5F3BE002C3710 /* Info.plist */,
				03AAAE641AA5F3BE002C3710 /* main.m */,
			);
			name = "Supporting Files";
			sourceTree = "<group>";
		};
		03AAAE7B1AA5F3BE002C3710 /* DemoStoryboardTests */ = {
			isa = PBXGroup;
			children = (
				03AAAE7E1AA5F3BE002C3710 /* DemoStoryboardTests.m */,
				03AAAE7C1AA5F3BE002C3710 /* Supporting Files */,
			);
			path = DemoStoryboardTests;
			sourceTree = "<group>";
		};
		03AAAE7C1AA5F3BE002C3710 /* Supporting Files */ = {
			isa = PBXGroup;
			children = (
				03AAAE7D1AA5F3BE002C3710 /* Info.plist */,
			);
			name = "Supporting Files";
			sourceTree = "<group>";
		};
/* End PBXGroup section */

/* Begin PBXNativeTarget section */
		03AAAE5E1AA5F3BE002C3710 /* DemoStoryboard */ = {
			isa = PBXNativeTarget;
			buildConfigurationList = 03AAAE821AA5F3BE002C3710 /* Build configuration list for PBXNativeTarget "DemoStoryboard" */;
			buildPhases = (
				03AAAE5B1AA5F3BE002C3710 /* Sources */,
				03AAAE5C1AA5F3BE002C3710 /* Frameworks */,
				03AAAE5D1AA5F3BE002C3710 /* Resources */,
			);
			buildRules = (
			);
			dependencies = (
			);
			name = DemoStoryboard;
			productName = DemoStoryboard;
			productReference = 03AAAE5F1AA5F3BE002C3710 /* DemoStoryboard.app */;
			productType = "com.apple.product-type.application";
		};
		03AAAE771AA5F3BE002C3710 /* DemoStoryboardTests */ = {
			isa = PBXNativeTarget;
			buildConfigurationList = 03AAAE851AA5F3BE002C3710 /* Build configuration list for PBXNativeTarget "DemoStoryboardTests" */;
			buildPhases = (
				03AAAE741AA5F3BE002C3710 /* Sources */,
				03AAAE751AA5F3BE002C3710 /* Frameworks */,
				03AAAE761AA5F3BE002C3710 /* Resources */,
			);
			buildRules = (
			);
			dependencies = (
				03AAAE7A1AA5F3BE002C3710 /* PBXTargetDependency */,
			);
			name = DemoStoryboardTests;
			productName = DemoStoryboardTests;
			productReference = 03AAAE781AA5F3BE002C3710 /* DemoStoryboardTests.xctest */;
			productType = "com.apple.product-type.bundle.unit-test";
		};
/* End PBXNativeTarget section */

/* Begin PBXProject section */
		03AAAE571AA5F3BE002C3710 /* Project object */ = {
			isa = PBXProject;
			attributes = {
				LastUpgradeCheck = 0610;
				ORGANIZATIONNAME = "Nicolas VERINAUD";
				TargetAttributes = {
					03AAAE5E1AA5F3BE002C3710 = {
						CreatedOnToolsVersion = 6.1.1;
					};
					03AAAE771AA5F3BE002C3710 = {
						CreatedOnToolsVersion = 6.1.1;
						TestTargetID = 03AAAE5E1AA5F3BE002C3710;
					};
				};
			};
			buildConfigurationList = 03AAAE5A1AA5F3BE002C3710 /* Build configuration list for PBXProject "DemoStoryboard" */;
			compatibilityVersion = "Xcode 3.2";
			developmentRegion = English;
			hasScannedForEncodings = 0;
			knownRegions = (
				en,
				Base,
			);
			mainGroup = 03AAAE561AA5F3BE002C3710;
			productRefGroup = 03AAAE601AA5F3BE002C3710 /* Products */;
			projectDirPath = "";
			projectRoot = "";
			targets = (
				03AAAE5E1AA5F3BE002C3710 /* DemoStoryboard */,
				03AAAE771AA5F3BE002C3710 /* DemoStoryboardTests */,
			);
		};
/* End PBXProject section */

/* Begin PBXResourcesBuildPhase section */
		03AAAE5D1AA5F3BE002C3710 /* Resources */ = {
			isa = PBXResourcesBuildPhase;
			buildActionMask = 2147483647;
			files = (
				03AAAE6E1AA5F3BE002C3710 /* Main.storyboard in Resources */,
				03AAAE731AA5F3BE002C3710 /* LaunchScreen.xib in Resources */,
				03AAAE701AA5F3BE002C3710 /* Images.xcassets in Resources */,
			);
			runOnlyForDeploymentPostprocessing = 0;
		};
		03AAAE761AA5F3BE002C3710 /* Resources */ = {
			isa = PBXResourcesBuildPhase;
			buildActionMask = 2147483647;
			files = (
			);
			runOnlyForDeploymentPostprocessing = 0;
		};
/* End PBXResourcesBuildPhase section */

/* Begin PBXSourcesBuildPhase section */
		03AAAE5B1AA5F3BE002C3710 /* Sources */ = {
			isa = PBXSourcesBuildPhase;
			buildActionMask = 2147483647;
			files = (
				03AAAE6B1AA5F3BE002C3710 /* ViewController.m in Sources */,
				03AAAE681AA5F3BE002C3710 /* AppDelegate.m in Sources */,
				03AAAE651AA5F3BE002C3710 /* main.m in Sources */,
			);
			runOnlyForDeploymentPostprocessing = 0;
		};
		03AAAE741AA5F3BE002C3710 /* Sources */ = {
			isa = PBXSourcesBuildPhase;
			buildActionMask = 2147483647;
			files = (
				03AAAE7F1AA5F3BE002C3710 /* DemoStoryboardTests.m in Sources */,
			);
			runOnlyForDeploymentPostprocessing = 0;
		};
/* End PBXSourcesBuildPhase section */

/* Begin PBXTargetDependency section */
		03AAAE7A1AA5F3BE002C3710 /* PBXTargetDependency */ = {
			isa = PBXTargetDependency;
			target = 03AAAE5E1AA5F3BE002C3710 /* DemoStoryboard */;
			targetProxy = 03AAAE791AA5F3BE002C3710 /* PBXContainerItemProxy */;
		};
/* End PBXTargetDependency section */

/* Begin PBXVariantGroup section */
		03AAAE6C1AA5F3BE002C3710 /* Main.storyboard */ = {
			isa = PBXVariantGroup;
			children = (
				03AAAE6D1AA5F3BE002C3710 /* Base */,
			);
			name = Main.storyboard;
			sourceTree = "<group>";
		};
		03AAAE711AA5F3BE002C3710 /* LaunchScreen.xib */ = {
			isa = PBXVariantGroup;
			children = (
				03AAAE721AA5F3BE002C3710 /* Base */,
			);
			name = LaunchScreen.xib;
			sourceTree = "<group>";
		};
/* End PBXVariantGroup section */

/* Begin XCBuildConfiguration section */
		03AAAE801AA5F3BE002C3710 /* Debug */ = {
			isa = XCBuildConfiguration;
			buildSettings = {
				ALWAYS_SEARCH_USER_PATHS = NO;
				CLANG_CXX_LANGUAGE_STANDARD = "gnu++0x";
				CLANG_CXX_LIBRARY = "libc++";
				CLANG_ENABLE_MODULES = YES;
				CLANG_ENABLE_OBJC_ARC = YES;
				CLANG_WARN_BOOL_CONVERSION = YES;
				CLANG_WARN_CONSTANT_CONVERSION = YES;
				CLANG_WARN_DIRECT_OBJC_ISA_USAGE = YES_ERROR;
				CLANG_WARN_EMPTY_BODY = YES;
				CLANG_WARN_ENUM_CONVERSION = YES;
				CLANG_WARN_INT_CONVERSION = YES;
				CLANG_WARN_OBJC_ROOT_CLASS = YES_ERROR;
				CLANG_WARN_UNREACHABLE_CODE = YES;
				CLANG_WARN__DUPLICATE_METHOD_MATCH = YES;
				"CODE_SIGN_IDENTITY[sdk=iphoneos*]" = "iPhone Developer";
				COPY_PHASE_STRIP = NO;
				ENABLE_STRICT_OBJC_MSGSEND = YES;
				GCC_C_LANGUAGE_STANDARD = gnu99;
				GCC_DYNAMIC_NO_PIC = NO;
				GCC_OPTIMIZATION_LEVEL = 0;
				GCC_PREPROCESSOR_DEFINITIONS = (
					"DEBUG=1",
					"$(inherited)",
				);
				GCC_SYMBOLS_PRIVATE_EXTERN = NO;
				GCC_WARN_64_TO_32_BIT_CONVERSION = YES;
				GCC_WARN_ABOUT_RETURN_TYPE = YES_ERROR;
				GCC_WARN_UNDECLARED_SELECTOR = YES;
				GCC_WARN_UNINITIALIZED_AUTOS = YES_AGGRESSIVE;
				GCC_WARN_UNUSED_FUNCTION = YES;
				GCC_WARN_UNUSED_VARIABLE = YES;
				IPHONEOS_DEPLOYMENT_TARGET = 8.1;
				MTL_ENABLE_DEBUG_INFO = YES;
				ONLY_ACTIVE_ARCH = YES;
				SDKROOT = iphoneos;
			};
			name = Debug;
		};
		03AAAE811AA5F3BE002C3710 /* Release */ = {
			isa = XCBuildConfiguration;
			buildSettings = {
				ALWAYS_SEARCH_USER_PATHS = NO;
				CLANG_CXX_LANGUAGE_STANDARD = "gnu++0x";
				CLANG_CXX_LIBRARY = "libc++";
				CLANG_ENABLE_MODULES = YES;
				CLANG_ENABLE_OBJC_ARC = YES;
				CLANG_WARN_BOOL_CONVERSION = YES;
				CLANG_WARN_CONSTANT_CONVERSION = YES;
				CLANG_WARN_DIRECT_OBJC_ISA_USAGE = YES_ERROR;
				CLANG_WARN_EMPTY_BODY = YES;
				CLANG_WARN_ENUM_CONVERSION = YES;
				CLANG_WARN_INT_CONVERSION = YES;
				CLANG_WARN_OBJC_ROOT_CLASS = YES_ERROR;
				CLANG_WARN_UNREACHABLE_CODE = YES;
				CLANG_WARN__DUPLICATE_METHOD_MATCH = YES;
				"CODE_SIGN_IDENTITY[sdk=iphoneos*]" = "iPhone Developer";
				COPY_PHASE_STRIP = YES;
				ENABLE_NS_ASSERTIONS = NO;
				ENABLE_STRICT_OBJC_MSGSEND = YES;
				GCC_C_LANGUAGE_STANDARD = gnu99;
				GCC_WARN_64_TO_32_BIT_CONVERSION = YES;
				GCC_WARN_ABOUT_RETURN_TYPE = YES_ERROR;
				GCC_WARN_UNDECLARED_SELECTOR = YES;
				GCC_WARN_UNINITIALIZED_AUTOS = YES_AGGRESSIVE;
				GCC_WARN_UNUSED_FUNCTION = YES;
				GCC_WARN_UNUSED_VARIABLE = YES;
				IPHONEOS_DEPLOYMENT_TARGET = 8.1;
				MTL_ENABLE_DEBUG_INFO = NO;
				SDKROOT = iphoneos;
				VALIDATE_PRODUCT = YES;
			};
			name = Release;
		};
		03AAAE831AA5F3BE002C3710 /* Debug */ = {
			isa = XCBuildConfiguration;
			buildSettings = {
				ASSETCATALOG_COMPILER_APPICON_NAME = AppIcon;
				INFOPLIST_FILE = DemoStoryboard/Info.plist;
				LD_RUNPATH_SEARCH_PATHS = "$(inherited) @executable_path/Frameworks";
				PRODUCT_NAME = "$(TARGET_NAME)";
			};
			name = Debug;
		};
		03AAAE841AA5F3BE002C3710 /* Release */ = {
			isa = XCBuildConfiguration;
			buildSettings = {
				ASSETCATALOG_COMPILER_APPICON_NAME = AppIcon;
				INFOPLIST_FILE = DemoStoryboard/Info.plist;
				LD_RUNPATH_SEARCH_PATHS = "$(inherited) @executable_path/Frameworks";
				PRODUCT_NAME = "$(TARGET_NAME)";
			};
			name = Release;
		};
		03AAAE861AA5F3BE002C3710 /* Debug */ = {
			isa = XCBuildConfiguration;
			buildSettings = {
				BUNDLE_LOADER = "$(TEST_HOST)";
				FRAMEWORK_SEARCH_PATHS = (
					"$(SDKROOT)/Developer/Library/Frameworks",
					"$(inherited)",
				);
				GCC_PREPROCESSOR_DEFINITIONS = (
					"DEBUG=1",
					"$(inherited)",
				);
				INFOPLIST_FILE = DemoStoryboardTests/Info.plist;
				LD_RUNPATH_SEARCH_PATHS = "$(inherited) @executable_path/Frameworks @loader_path/Frameworks";
				PRODUCT_NAME = "$(TARGET_NAME)";
				TEST_HOST = "$(BUILT_PRODUCTS_DIR)/DemoStoryboard.app/DemoStoryboard";
			};
			name = Debug;
		};
		03AAAE871AA5F3BE002C3710 /* Release */ = {
			isa = XCBuildConfiguration;
			buildSettings = {
				BUNDLE_LOADER = "$(TEST_HOST)";
				FRAMEWORK_SEARCH_PATHS = (
					"$(SDKROOT)/Developer/Library/Frameworks",
					"$(inherited)",
				);
				INFOPLIST_FILE = DemoStoryboardTests/Info.plist;
				LD_RUNPATH_SEARCH_PATHS = "$(inherited) @executable_path/Frameworks @loader_path/Frameworks";
				PRODUCT_NAME = "$(TARGET_NAME)";
				TEST_HOST = "$(BUILT_PRODUCTS_DIR)/DemoStoryboard.app/DemoStoryboard";
			};
			name = Release;
		};
/* End XCBuildConfiguration section */

/* Begin XCConfigurationList section */
		03AAAE5A1AA5F3BE002C3710 /* Build configuration list for PBXProject "DemoStoryboard" */ = {
			isa = XCConfigurationList;
			buildConfigurations = (
				03AAAE801AA5F3BE002C3710 /* Debug */,
				03AAAE811AA5F3BE002C3710 /* Release */,
			);
			defaultConfigurationIsVisible = 0;
			defaultConfigurationName = Release;
		};
		03AAAE821AA5F3BE002C3710 /* Build configuration list for PBXNativeTarget "DemoStoryboard" */ = {
			isa = XCConfigurationList;
			buildConfigurations = (
				03AAAE831AA5F3BE002C3710 /* Debug */,
				03AAAE841AA5F3BE002C3710 /* Release */,
			);
			defaultConfigurationIsVisible = 0;
		};
		03AAAE851AA5F3BE002C3710 /* Build configuration list for PBXNativeTarget "DemoStoryboardTests" */ = {
			isa = XCConfigurationList;
			buildConfigurations = (
				03AAAE861AA5F3BE002C3710 /* Debug */,
				03AAAE871AA5F3BE002C3710 /* Release */,
			);
			defaultConfigurationIsVisible = 0;
		};
/* End XCConfigurationList section */
	};
	rootObject = 03AAAE571AA5F3BE002C3710 /* Project object */;
}
