// !$*UTF8*$!
{
	archiveVersion = 1;
	classes = {
	};
	objectVersion = 46;
	objects = {

/* Begin PBXBuildFile section */
		03AAAE241AA5EAC1002C3710 /* main.m in Sources */ = {isa = PBXBuildFile; fileRef = 03AAAE231AA5EAC1002C3710 /* main.m */; };
		03AAAE271AA5EAC1002C3710 /* AppDelegate.m in Sources */ = {isa = PBXBuildFile; fileRef = 03AAAE261AA5EAC1002C3710 /* AppDelegate.m */; };
		03AAAE2F1AA5EAC1002C3710 /* Images.xcassets in Resources */ = {isa = PBXBuildFile; fileRef = 03AAAE2E1AA5EAC1002C3710 /* Images.xcassets */; };
		03AAAE321AA5EAC1002C3710 /* LaunchScreen.xib in Resources */ = {isa = PBXBuildFile; fileRef = 03AAAE301AA5EAC1002C3710 /* LaunchScreen.xib */; };
		03AAAE3E1AA5EAC2002C3710 /* DemoXIBTests.m in Sources */ = {isa = PBXBuildFile; fileRef = 03AAAE3D1AA5EAC2002C3710 /* DemoXIBTests.m */; };
		03AAAE4A1AA5EB20002C3710 /* MyViewController.m in Sources */ = {isa = PBXBuildFile; fileRef = 03AAAE481AA5EB20002C3710 /* MyViewController.m */; };
		03AAAE4B1AA5EB20002C3710 /* MyViewController.xib in Resources */ = {isa = PBXBuildFile; fileRef = 03AAAE491AA5EB20002C3710 /* MyViewController.xib */; };
		03AAAE4F1AA5EFB5002C3710 /* MyTableViewController.m in Sources */ = {isa = PBXBuildFile; fileRef = 03AAAE4D1AA5EFB5002C3710 /* MyTableViewController.m */; };
		03AAAE501AA5EFB5002C3710 /* MyTableViewController.xib in Resources */ = {isa = PBXBuildFile; fileRef = 03AAAE4E1AA5EFB5002C3710 /* MyTableViewController.xib */; };
		03AAAE541AA5F02C002C3710 /* MyTableViewCell.m in Sources */ = {isa = PBXBuildFile; fileRef = 03AAAE521AA5F02C002C3710 /* MyTableViewCell.m */; };
		03AAAE551AA5F02C002C3710 /* MyTableViewCell.xib in Resources */ = {isa = PBXBuildFile; fileRef = 03AAAE531AA5F02C002C3710 /* MyTableViewCell.xib */; };
/* End PBXBuildFile section */

/* Begin PBXContainerItemProxy section */
		03AAAE381AA5EAC1002C3710 /* PBXContainerItemProxy */ = {
			isa = PBXContainerItemProxy;
			containerPortal = 03AAAE161AA5EAC1002C3710 /* Project object */;
			proxyType = 1;
			remoteGlobalIDString = 03AAAE1D1AA5EAC1002C3710;
			remoteInfo = DemoXIB;
		};
/* End PBXContainerItemProxy section */

/* Begin PBXFileReference section */
		03AAAE1E1AA5EAC1002C3710 /* DemoXIB.app */ = {isa = PBXFileReference; explicitFileType = wrapper.application; includeInIndex = 0; path = DemoXIB.app; sourceTree = BUILT_PRODUCTS_DIR; };
		03AAAE221AA5EAC1002C3710 /* Info.plist */ = {isa = PBXFileReference; lastKnownFileType = text.plist.xml; path = Info.plist; sourceTree = "<group>"; };
		03AAAE231AA5EAC1002C3710 /* main.m */ = {isa = PBXFileReference; lastKnownFileType = sourcecode.c.objc; path = main.m; sourceTree = "<group>"; };
		03AAAE251AA5EAC1002C3710 /* AppDelegate.h */ = {isa = PBXFileReference; lastKnownFileType = sourcecode.c.h; path = AppDelegate.h; sourceTree = "<group>"; };
		03AAAE261AA5EAC1002C3710 /* AppDelegate.m */ = {isa = PBXFileReference; lastKnownFileType = sourcecode.c.objc; path = AppDelegate.m; sourceTree = "<group>"; };
		03AAAE2E1AA5EAC1002C3710 /* Images.xcassets */ = {isa = PBXFileReference; lastKnownFileType = folder.assetcatalog; path = Images.xcassets; sourceTree = "<group>"; };
		03AAAE311AA5EAC1002C3710 /* Base */ = {isa = PBXFileReference; lastKnownFileType = file.xib; name = Base; path = Base.lproj/LaunchScreen.xib; sourceTree = "<group>"; };
		03AAAE371AA5EAC1002C3710 /* DemoXIBTests.xctest */ = {isa = PBXFileReference; explicitFileType = wrapper.cfbundle; includeInIndex = 0; path = DemoXIBTests.xctest; sourceTree = BUILT_PRODUCTS_DIR; };
		03AAAE3C1AA5EAC2002C3710 /* Info.plist */ = {isa = PBXFileReference; lastKnownFileType = text.plist.xml; path = Info.plist; sourceTree = "<group>"; };
		03AAAE3D1AA5EAC2002C3710 /* DemoXIBTests.m */ = {isa = PBXFileReference; lastKnownFileType = sourcecode.c.objc; path = DemoXIBTests.m; sourceTree = "<group>"; };
		03AAAE471AA5EB20002C3710 /* MyViewController.h */ = {isa = PBXFileReference; fileEncoding = 4; lastKnownFileType = sourcecode.c.h; path = MyViewController.h; sourceTree = "<group>"; };
		03AAAE481AA5EB20002C3710 /* MyViewController.m */ = {isa = PBXFileReference; fileEncoding = 4; lastKnownFileType = sourcecode.c.objc; path = MyViewController.m; sourceTree = "<group>"; };
		03AAAE491AA5EB20002C3710 /* MyViewController.xib */ = {isa = PBXFileReference; fileEncoding = 4; lastKnownFileType = file.xib; path = MyViewController.xib; sourceTree = "<group>"; };
		03AAAE4C1AA5EFB5002C3710 /* MyTableViewController.h */ = {isa = PBXFileReference; fileEncoding = 4; lastKnownFileType = sourcecode.c.h; path = MyTableViewController.h; sourceTree = "<group>"; };
		03AAAE4D1AA5EFB5002C3710 /* MyTableViewController.m */ = {isa = PBXFileReference; fileEncoding = 4; lastKnownFileType = sourcecode.c.objc; path = MyTableViewController.m; sourceTree = "<group>"; };
		03AAAE4E1AA5EFB5002C3710 /* MyTableViewController.xib */ = {isa = PBXFileReference; fileEncoding = 4; lastKnownFileType = file.xib; path = MyTableViewController.xib; sourceTree = "<group>"; };
		03AAAE511AA5F02C002C3710 /* MyTableViewCell.h */ = {isa = PBXFileReference; fileEncoding = 4; lastKnownFileType = sourcecode.c.h; path = MyTableViewCell.h; sourceTree = "<group>"; };
		03AAAE521AA5F02C002C3710 /* MyTableViewCell.m */ = {isa = PBXFileReference; fileEncoding = 4; lastKnownFileType = sourcecode.c.objc; path = MyTableViewCell.m; sourceTree = "<group>"; };
		03AAAE531AA5F02C002C3710 /* MyTableViewCell.xib */ = {isa = PBXFileReference; fileEncoding = 4; lastKnownFileType = file.xib; path = MyTableViewCell.xib; sourceTree = "<group>"; };
/* End PBXFileReference section */

/* Begin PBXFrameworksBuildPhase section */
		03AAAE1B1AA5EAC1002C3710 /* Frameworks */ = {
			isa = PBXFrameworksBuildPhase;
			buildActionMask = 2147483647;
			files = (
			);
			runOnlyForDeploymentPostprocessing = 0;
		};
		03AAAE341AA5EAC1002C3710 /* Frameworks */ = {
			isa = PBXFrameworksBuildPhase;
			buildActionMask = 2147483647;
			files = (
			);
			runOnlyForDeploymentPostprocessing = 0;
		};
/* End PBXFrameworksBuildPhase section */

/* Begin PBXGroup section */
		03AAAE151AA5EAC1002C3710 = {
			isa = PBXGroup;
			children = (
				03AAAE201AA5EAC1002C3710 /* DemoXIB */,
				03AAAE3A1AA5EAC1002C3710 /* DemoXIBTests */,
				03AAAE1F1AA5EAC1002C3710 /* Products */,
			);
			sourceTree = "<group>";
		};
		03AAAE1F1AA5EAC1002C3710 /* Products */ = {
			isa = PBXGroup;
			children = (
				03AAAE1E1AA5EAC1002C3710 /* DemoXIB.app */,
				03AAAE371AA5EAC1002C3710 /* DemoXIBTests.xctest */,
			);
			name = Products;
			sourceTree = "<group>";
		};
		03AAAE201AA5EAC1002C3710 /* DemoXIB */ = {
			isa = PBXGroup;
			children = (
				03AAAE251AA5EAC1002C3710 /* AppDelegate.h */,
				03AAAE261AA5EAC1002C3710 /* AppDelegate.m */,
				03AAAE2E1AA5EAC1002C3710 /* Images.xcassets */,
				03AAAE301AA5EAC1002C3710 /* LaunchScreen.xib */,
				03AAAE211AA5EAC1002C3710 /* Supporting Files */,
				03AAAE471AA5EB20002C3710 /* MyViewController.h */,
				03AAAE481AA5EB20002C3710 /* MyViewController.m */,
				03AAAE491AA5EB20002C3710 /* MyViewController.xib */,
				03AAAE4C1AA5EFB5002C3710 /* MyTableViewController.h */,
				03AAAE4D1AA5EFB5002C3710 /* MyTableViewController.m */,
				03AAAE4E1AA5EFB5002C3710 /* MyTableViewController.xib */,
				03AAAE511AA5F02C002C3710 /* MyTableViewCell.h */,
				03AAAE521AA5F02C002C3710 /* MyTableViewCell.m */,
				03AAAE531AA5F02C002C3710 /* MyTableViewCell.xib */,
			);
			path = DemoXIB;
			sourceTree = "<group>";
		};
		03AAAE211AA5EAC1002C3710 /* Supporting Files */ = {
			isa = PBXGroup;
			children = (
				03AAAE221AA5EAC1002C3710 /* Info.plist */,
				03AAAE231AA5EAC1002C3710 /* main.m */,
			);
			name = "Supporting Files";
			sourceTree = "<group>";
		};
		03AAAE3A1AA5EAC1002C3710 /* DemoXIBTests */ = {
			isa = PBXGroup;
			children = (
				03AAAE3D1AA5EAC2002C3710 /* DemoXIBTests.m */,
				03AAAE3B1AA5EAC2002C3710 /* Supporting Files */,
			);
			path = DemoXIBTests;
			sourceTree = "<group>";
		};
		03AAAE3B1AA5EAC2002C3710 /* Supporting Files */ = {
			isa = PBXGroup;
			children = (
				03AAAE3C1AA5EAC2002C3710 /* Info.plist */,
			);
			name = "Supporting Files";
			sourceTree = "<group>";
		};
/* End PBXGroup section */

/* Begin PBXNativeTarget section */
		03AAAE1D1AA5EAC1002C3710 /* DemoXIB */ = {
			isa = PBXNativeTarget;
			buildConfigurationList = 03AAAE411AA5EAC2002C3710 /* Build configuration list for PBXNativeTarget "DemoXIB" */;
			buildPhases = (
				03AAAE1A1AA5EAC1002C3710 /* Sources */,
				03AAAE1B1AA5EAC1002C3710 /* Frameworks */,
				03AAAE1C1AA5EAC1002C3710 /* Resources */,
			);
			buildRules = (
			);
			dependencies = (
			);
			name = DemoXIB;
			productName = DemoXIB;
			productReference = 03AAAE1E1AA5EAC1002C3710 /* DemoXIB.app */;
			productType = "com.apple.product-type.application";
		};
		03AAAE361AA5EAC1002C3710 /* DemoXIBTests */ = {
			isa = PBXNativeTarget;
			buildConfigurationList = 03AAAE441AA5EAC2002C3710 /* Build configuration list for PBXNativeTarget "DemoXIBTests" */;
			buildPhases = (
				03AAAE331AA5EAC1002C3710 /* Sources */,
				03AAAE341AA5EAC1002C3710 /* Frameworks */,
				03AAAE351AA5EAC1002C3710 /* Resources */,
			);
			buildRules = (
			);
			dependencies = (
				03AAAE391AA5EAC1002C3710 /* PBXTargetDependency */,
			);
			name = DemoXIBTests;
			productName = DemoXIBTests;
			productReference = 03AAAE371AA5EAC1002C3710 /* DemoXIBTests.xctest */;
			productType = "com.apple.product-type.bundle.unit-test";
		};
/* End PBXNativeTarget section */

/* Begin PBXProject section */
		03AAAE161AA5EAC1002C3710 /* Project object */ = {
			isa = PBXProject;
			attributes = {
				LastUpgradeCheck = 0610;
				ORGANIZATIONNAME = "Nicolas VERINAUD";
				TargetAttributes = {
					03AAAE1D1AA5EAC1002C3710 = {
						CreatedOnToolsVersion = 6.1.1;
					};
					03AAAE361AA5EAC1002C3710 = {
						CreatedOnToolsVersion = 6.1.1;
						TestTargetID = 03AAAE1D1AA5EAC1002C3710;
					};
				};
			};
			buildConfigurationList = 03AAAE191AA5EAC1002C3710 /* Build configuration list for PBXProject "DemoXIB" */;
			compatibilityVersion = "Xcode 3.2";
			developmentRegion = English;
			hasScannedForEncodings = 0;
			knownRegions = (
				en,
				Base,
			);
			mainGroup = 03AAAE151AA5EAC1002C3710;
			productRefGroup = 03AAAE1F1AA5EAC1002C3710 /* Products */;
			projectDirPath = "";
			projectRoot = "";
			targets = (
				03AAAE1D1AA5EAC1002C3710 /* DemoXIB */,
				03AAAE361AA5EAC1002C3710 /* DemoXIBTests */,
			);
		};
/* End PBXProject section */

/* Begin PBXResourcesBuildPhase section */
		03AAAE1C1AA5EAC1002C3710 /* Resources */ = {
			isa = PBXResourcesBuildPhase;
			buildActionMask = 2147483647;
			files = (
				03AAAE551AA5F02C002C3710 /* MyTableViewCell.xib in Resources */,
				03AAAE321AA5EAC1002C3710 /* LaunchScreen.xib in Resources */,
				03AAAE2F1AA5EAC1002C3710 /* Images.xcassets in Resources */,
				03AAAE4B1AA5EB20002C3710 /* MyViewController.xib in Resources */,
				03AAAE501AA5EFB5002C3710 /* MyTableViewController.xib in Resources */,
			);
			runOnlyForDeploymentPostprocessing = 0;
		};
		03AAAE351AA5EAC1002C3710 /* Resources */ = {
			isa = PBXResourcesBuildPhase;
			buildActionMask = 2147483647;
			files = (
			);
			runOnlyForDeploymentPostprocessing = 0;
		};
/* End PBXResourcesBuildPhase section */

/* Begin PBXSourcesBuildPhase section */
		03AAAE1A1AA5EAC1002C3710 /* Sources */ = {
			isa = PBXSourcesBuildPhase;
			buildActionMask = 2147483647;
			files = (
				03AAAE4A1AA5EB20002C3710 /* MyViewController.m in Sources */,
				03AAAE271AA5EAC1002C3710 /* AppDelegate.m in Sources */,
				03AAAE241AA5EAC1002C3710 /* main.m in Sources */,
				03AAAE4F1AA5EFB5002C3710 /* MyTableViewController.m in Sources */,
				03AAAE541AA5F02C002C3710 /* MyTableViewCell.m in Sources */,
			);
			runOnlyForDeploymentPostprocessing = 0;
		};
		03AAAE331AA5EAC1002C3710 /* Sources */ = {
			isa = PBXSourcesBuildPhase;
			buildActionMask = 2147483647;
			files = (
				03AAAE3E1AA5EAC2002C3710 /* DemoXIBTests.m in Sources */,
			);
			runOnlyForDeploymentPostprocessing = 0;
		};
/* End PBXSourcesBuildPhase section */

/* Begin PBXTargetDependency section */
		03AAAE391AA5EAC1002C3710 /* PBXTargetDependency */ = {
			isa = PBXTargetDependency;
			target = 03AAAE1D1AA5EAC1002C3710 /* DemoXIB */;
			targetProxy = 03AAAE381AA5EAC1002C3710 /* PBXContainerItemProxy */;
		};
/* End PBXTargetDependency section */

/* Begin PBXVariantGroup section */
		03AAAE301AA5EAC1002C3710 /* LaunchScreen.xib */ = {
			isa = PBXVariantGroup;
			children = (
				03AAAE311AA5EAC1002C3710 /* Base */,
			);
			name = LaunchScreen.xib;
			sourceTree = "<group>";
		};
/* End PBXVariantGroup section */

/* Begin XCBuildConfiguration section */
		03AAAE3F1AA5EAC2002C3710 /* Debug */ = {
			isa = XCBuildConfiguration;
			buildSettings = {
				ALWAYS_SEARCH_USER_PATHS = NO;
				CLANG_CXX_LANGUAGE_STANDARD = "gnu++0x";
				CLANG_CXX_LIBRARY = "libc++";
				CLANG_ENABLE_MODULES = YES;
				CLANG_ENABLE_OBJC_ARC = YES;
				CLANG_WARN_BOOL_CONVERSION = YES;
				CLANG_WARN_CONSTANT_CONVERSION = YES;
				CLANG_WARN_DIRECT_OBJC_ISA_USAGE = YES_ERROR;
				CLANG_WARN_EMPTY_BODY = YES;
				CLANG_WARN_ENUM_CONVERSION = YES;
				CLANG_WARN_INT_CONVERSION = YES;
				CLANG_WARN_OBJC_ROOT_CLASS = YES_ERROR;
				CLANG_WARN_UNREACHABLE_CODE = YES;
				CLANG_WARN__DUPLICATE_METHOD_MATCH = YES;
				"CODE_SIGN_IDENTITY[sdk=iphoneos*]" = "iPhone Developer";
				COPY_PHASE_STRIP = NO;
				ENABLE_STRICT_OBJC_MSGSEND = YES;
				GCC_C_LANGUAGE_STANDARD = gnu99;
				GCC_DYNAMIC_NO_PIC = NO;
				GCC_OPTIMIZATION_LEVEL = 0;
				GCC_PREPROCESSOR_DEFINITIONS = (
					"DEBUG=1",
					"$(inherited)",
				);
				GCC_SYMBOLS_PRIVATE_EXTERN = NO;
				GCC_WARN_64_TO_32_BIT_CONVERSION = YES;
				GCC_WARN_ABOUT_RETURN_TYPE = YES_ERROR;
				GCC_WARN_UNDECLARED_SELECTOR = YES;
				GCC_WARN_UNINITIALIZED_AUTOS = YES_AGGRESSIVE;
				GCC_WARN_UNUSED_FUNCTION = YES;
				GCC_WARN_UNUSED_VARIABLE = YES;
				IPHONEOS_DEPLOYMENT_TARGET = 8.1;
				MTL_ENABLE_DEBUG_INFO = YES;
				ONLY_ACTIVE_ARCH = YES;
				SDKROOT = iphoneos;
			};
			name = Debug;
		};
		03AAAE401AA5EAC2002C3710 /* Release */ = {
			isa = XCBuildConfiguration;
			buildSettings = {
				ALWAYS_SEARCH_USER_PATHS = NO;
				CLANG_CXX_LANGUAGE_STANDARD = "gnu++0x";
				CLANG_CXX_LIBRARY = "libc++";
				CLANG_ENABLE_MODULES = YES;
				CLANG_ENABLE_OBJC_ARC = YES;
				CLANG_WARN_BOOL_CONVERSION = YES;
				CLANG_WARN_CONSTANT_CONVERSION = YES;
				CLANG_WARN_DIRECT_OBJC_ISA_USAGE = YES_ERROR;
				CLANG_WARN_EMPTY_BODY = YES;
				CLANG_WARN_ENUM_CONVERSION = YES;
				CLANG_WARN_INT_CONVERSION = YES;
				CLANG_WARN_OBJC_ROOT_CLASS = YES_ERROR;
				CLANG_WARN_UNREACHABLE_CODE = YES;
				CLANG_WARN__DUPLICATE_METHOD_MATCH = YES;
				"CODE_SIGN_IDENTITY[sdk=iphoneos*]" = "iPhone Developer";
				COPY_PHASE_STRIP = YES;
				ENABLE_NS_ASSERTIONS = NO;
				ENABLE_STRICT_OBJC_MSGSEND = YES;
				GCC_C_LANGUAGE_STANDARD = gnu99;
				GCC_WARN_64_TO_32_BIT_CONVERSION = YES;
				GCC_WARN_ABOUT_RETURN_TYPE = YES_ERROR;
				GCC_WARN_UNDECLARED_SELECTOR = YES;
				GCC_WARN_UNINITIALIZED_AUTOS = YES_AGGRESSIVE;
				GCC_WARN_UNUSED_FUNCTION = YES;
				GCC_WARN_UNUSED_VARIABLE = YES;
				IPHONEOS_DEPLOYMENT_TARGET = 8.1;
				MTL_ENABLE_DEBUG_INFO = NO;
				SDKROOT = iphoneos;
				VALIDATE_PRODUCT = YES;
			};
			name = Release;
		};
		03AAAE421AA5EAC2002C3710 /* Debug */ = {
			isa = XCBuildConfiguration;
			buildSettings = {
				ASSETCATALOG_COMPILER_APPICON_NAME = AppIcon;
				INFOPLIST_FILE = DemoXIB/Info.plist;
				LD_RUNPATH_SEARCH_PATHS = "$(inherited) @executable_path/Frameworks";
				PRODUCT_NAME = "$(TARGET_NAME)";
			};
			name = Debug;
		};
		03AAAE431AA5EAC2002C3710 /* Release */ = {
			isa = XCBuildConfiguration;
			buildSettings = {
				ASSETCATALOG_COMPILER_APPICON_NAME = AppIcon;
				INFOPLIST_FILE = DemoXIB/Info.plist;
				LD_RUNPATH_SEARCH_PATHS = "$(inherited) @executable_path/Frameworks";
				PRODUCT_NAME = "$(TARGET_NAME)";
			};
			name = Release;
		};
		03AAAE451AA5EAC2002C3710 /* Debug */ = {
			isa = XCBuildConfiguration;
			buildSettings = {
				BUNDLE_LOADER = "$(TEST_HOST)";
				FRAMEWORK_SEARCH_PATHS = (
					"$(SDKROOT)/Developer/Library/Frameworks",
					"$(inherited)",
				);
				GCC_PREPROCESSOR_DEFINITIONS = (
					"DEBUG=1",
					"$(inherited)",
				);
				INFOPLIST_FILE = DemoXIBTests/Info.plist;
				LD_RUNPATH_SEARCH_PATHS = "$(inherited) @executable_path/Frameworks @loader_path/Frameworks";
				PRODUCT_NAME = "$(TARGET_NAME)";
				TEST_HOST = "$(BUILT_PRODUCTS_DIR)/DemoXIB.app/DemoXIB";
			};
			name = Debug;
		};
		03AAAE461AA5EAC2002C3710 /* Release */ = {
			isa = XCBuildConfiguration;
			buildSettings = {
				BUNDLE_LOADER = "$(TEST_HOST)";
				FRAMEWORK_SEARCH_PATHS = (
					"$(SDKROOT)/Developer/Library/Frameworks",
					"$(inherited)",
				);
				INFOPLIST_FILE = DemoXIBTests/Info.plist;
				LD_RUNPATH_SEARCH_PATHS = "$(inherited) @executable_path/Frameworks @loader_path/Frameworks";
				PRODUCT_NAME = "$(TARGET_NAME)";
				TEST_HOST = "$(BUILT_PRODUCTS_DIR)/DemoXIB.app/DemoXIB";
			};
			name = Release;
		};
/* End XCBuildConfiguration section */

/* Begin XCConfigurationList section */
		03AAAE191AA5EAC1002C3710 /* Build configuration list for PBXProject "DemoXIB" */ = {
			isa = XCConfigurationList;
			buildConfigurations = (
				03AAAE3F1AA5EAC2002C3710 /* Debug */,
				03AAAE401AA5EAC2002C3710 /* Release */,
			);
			defaultConfigurationIsVisible = 0;
			defaultConfigurationName = Release;
		};
		03AAAE411AA5EAC2002C3710 /* Build configuration list for PBXNativeTarget "DemoXIB" */ = {
			isa = XCConfigurationList;
			buildConfigurations = (
				03AAAE421AA5EAC2002C3710 /* Debug */,
				03AAAE431AA5EAC2002C3710 /* Release */,
			);
			defaultConfigurationIsVisible = 0;
		};
		03AAAE441AA5EAC2002C3710 /* Build configuration list for PBXNativeTarget "DemoXIBTests" */ = {
			isa = XCConfigurationList;
			buildConfigurations = (
				03AAAE451AA5EAC2002C3710 /* Debug */,
				03AAAE461AA5EAC2002C3710 /* Release */,
			);
			defaultConfigurationIsVisible = 0;
		};
/* End XCConfigurationList section */
	};
	rootObject = 03AAAE161AA5EAC1002C3710 /* Project object */;
}
