// !$*UTF8*$!
{
	archiveVersion = 1;
	classes = {
	};
	objectVersion = 46;
	objects = {

/* Begin PBXBuildFile section */
		036DBAB31AA466610007DCBC /* main.m in Sources */ = {isa = PBXBuildFile; fileRef = 036DBAB21AA466610007DCBC /* main.m */; };
		036DBAB61AA466610007DCBC /* AppDelegate.m in Sources */ = {isa = PBXBuildFile; fileRef = 036DBAB51AA466610007DCBC /* AppDelegate.m */; };
		036DBABE1AA466610007DCBC /* Images.xcassets in Resources */ = {isa = PBXBuildFile; fileRef = 036DBABD1AA466610007DCBC /* Images.xcassets */; };
		036DBAC11AA466610007DCBC /* LaunchScreen.xib in Resources */ = {isa = PBXBuildFile; fileRef = 036DBABF1AA466610007DCBC /* LaunchScreen.xib */; };
		036DBACD1AA466610007DCBC /* DemoWindowTests.m in Sources */ = {isa = PBXBuildFile; fileRef = 036DBACC1AA466610007DCBC /* DemoWindowTests.m */; };
/* End PBXBuildFile section */

/* Begin PBXContainerItemProxy section */
		036DBAC71AA466610007DCBC /* PBXContainerItemProxy */ = {
			isa = PBXContainerItemProxy;
			containerPortal = 036DBAA51AA466610007DCBC /* Project object */;
			proxyType = 1;
			remoteGlobalIDString = 036DBAAC1AA466610007DCBC;
			remoteInfo = DemoWindow;
		};
/* End PBXContainerItemProxy section */

/* Begin PBXFileReference section */
		036DBAAD1AA466610007DCBC /* DemoWindow.app */ = {isa = PBXFileReference; explicitFileType = wrapper.application; includeInIndex = 0; path = DemoWindow.app; sourceTree = BUILT_PRODUCTS_DIR; };
		036DBAB11AA466610007DCBC /* Info.plist */ = {isa = PBXFileReference; lastKnownFileType = text.plist.xml; path = Info.plist; sourceTree = "<group>"; };
		036DBAB21AA466610007DCBC /* main.m */ = {isa = PBXFileReference; lastKnownFileType = sourcecode.c.objc; path = main.m; sourceTree = "<group>"; };
		036DBAB41AA466610007DCBC /* AppDelegate.h */ = {isa = PBXFileReference; lastKnownFileType = sourcecode.c.h; path = AppDelegate.h; sourceTree = "<group>"; };
		036DBAB51AA466610007DCBC /* AppDelegate.m */ = {isa = PBXFileReference; lastKnownFileType = sourcecode.c.objc; path = AppDelegate.m; sourceTree = "<group>"; };
		036DBABD1AA466610007DCBC /* Images.xcassets */ = {isa = PBXFileReference; lastKnownFileType = folder.assetcatalog; path = Images.xcassets; sourceTree = "<group>"; };
		036DBAC01AA466610007DCBC /* Base */ = {isa = PBXFileReference; lastKnownFileType = file.xib; name = Base; path = Base.lproj/LaunchScreen.xib; sourceTree = "<group>"; };
		036DBAC61AA466610007DCBC /* DemoWindowTests.xctest */ = {isa = PBXFileReference; explicitFileType = wrapper.cfbundle; includeInIndex = 0; path = DemoWindowTests.xctest; sourceTree = BUILT_PRODUCTS_DIR; };
		036DBACB1AA466610007DCBC /* Info.plist */ = {isa = PBXFileReference; lastKnownFileType = text.plist.xml; path = Info.plist; sourceTree = "<group>"; };
		036DBACC1AA466610007DCBC /* DemoWindowTests.m */ = {isa = PBXFileReference; lastKnownFileType = sourcecode.c.objc; path = DemoWindowTests.m; sourceTree = "<group>"; };
/* End PBXFileReference section */

/* Begin PBXFrameworksBuildPhase section */
		036DBAAA1AA466610007DCBC /* Frameworks */ = {
			isa = PBXFrameworksBuildPhase;
			buildActionMask = 2147483647;
			files = (
			);
			runOnlyForDeploymentPostprocessing = 0;
		};
		036DBAC31AA466610007DCBC /* Frameworks */ = {
			isa = PBXFrameworksBuildPhase;
			buildActionMask = 2147483647;
			files = (
			);
			runOnlyForDeploymentPostprocessing = 0;
		};
/* End PBXFrameworksBuildPhase section */

/* Begin PBXGroup section */
		036DBAA41AA466610007DCBC = {
			isa = PBXGroup;
			children = (
				036DBAAF1AA466610007DCBC /* DemoWindow */,
				036DBAC91AA466610007DCBC /* DemoWindowTests */,
				036DBAAE1AA466610007DCBC /* Products */,
			);
			sourceTree = "<group>";
		};
		036DBAAE1AA466610007DCBC /* Products */ = {
			isa = PBXGroup;
			children = (
				036DBAAD1AA466610007DCBC /* DemoWindow.app */,
				036DBAC61AA466610007DCBC /* DemoWindowTests.xctest */,
			);
			name = Products;
			sourceTree = "<group>";
		};
		036DBAAF1AA466610007DCBC /* DemoWindow */ = {
			isa = PBXGroup;
			children = (
				036DBAB41AA466610007DCBC /* AppDelegate.h */,
				036DBAB51AA466610007DCBC /* AppDelegate.m */,
				036DBABD1AA466610007DCBC /* Images.xcassets */,
				036DBABF1AA466610007DCBC /* LaunchScreen.xib */,
				036DBAB01AA466610007DCBC /* Supporting Files */,
			);
			path = DemoWindow;
			sourceTree = "<group>";
		};
		036DBAB01AA466610007DCBC /* Supporting Files */ = {
			isa = PBXGroup;
			children = (
				036DBAB11AA466610007DCBC /* Info.plist */,
				036DBAB21AA466610007DCBC /* main.m */,
			);
			name = "Supporting Files";
			sourceTree = "<group>";
		};
		036DBAC91AA466610007DCBC /* DemoWindowTests */ = {
			isa = PBXGroup;
			children = (
				036DBACC1AA466610007DCBC /* DemoWindowTests.m */,
				036DBACA1AA466610007DCBC /* Supporting Files */,
			);
			path = DemoWindowTests;
			sourceTree = "<group>";
		};
		036DBACA1AA466610007DCBC /* Supporting Files */ = {
			isa = PBXGroup;
			children = (
				036DBACB1AA466610007DCBC /* Info.plist */,
			);
			name = "Supporting Files";
			sourceTree = "<group>";
		};
/* End PBXGroup section */

/* Begin PBXNativeTarget section */
		036DBAAC1AA466610007DCBC /* DemoWindow */ = {
			isa = PBXNativeTarget;
			buildConfigurationList = 036DBAD01AA466610007DCBC /* Build configuration list for PBXNativeTarget "DemoWindow" */;
			buildPhases = (
				036DBAA91AA466610007DCBC /* Sources */,
				036DBAAA1AA466610007DCBC /* Frameworks */,
				036DBAAB1AA466610007DCBC /* Resources */,
			);
			buildRules = (
			);
			dependencies = (
			);
			name = DemoWindow;
			productName = DemoWindow;
			productReference = 036DBAAD1AA466610007DCBC /* DemoWindow.app */;
			productType = "com.apple.product-type.application";
		};
		036DBAC51AA466610007DCBC /* DemoWindowTests */ = {
			isa = PBXNativeTarget;
			buildConfigurationList = 036DBAD31AA466610007DCBC /* Build configuration list for PBXNativeTarget "DemoWindowTests" */;
			buildPhases = (
				036DBAC21AA466610007DCBC /* Sources */,
				036DBAC31AA466610007DCBC /* Frameworks */,
				036DBAC41AA466610007DCBC /* Resources */,
			);
			buildRules = (
			);
			dependencies = (
				036DBAC81AA466610007DCBC /* PBXTargetDependency */,
			);
			name = DemoWindowTests;
			productName = DemoWindowTests;
			productReference = 036DBAC61AA466610007DCBC /* DemoWindowTests.xctest */;
			productType = "com.apple.product-type.bundle.unit-test";
		};
/* End PBXNativeTarget section */

/* Begin PBXProject section */
		036DBAA51AA466610007DCBC /* Project object */ = {
			isa = PBXProject;
			attributes = {
				LastUpgradeCheck = 0610;
				ORGANIZATIONNAME = "Nicolas VERINAUD";
				TargetAttributes = {
					036DBAAC1AA466610007DCBC = {
						CreatedOnToolsVersion = 6.1.1;
					};
					036DBAC51AA466610007DCBC = {
						CreatedOnToolsVersion = 6.1.1;
						TestTargetID = 036DBAAC1AA466610007DCBC;
					};
				};
			};
			buildConfigurationList = 036DBAA81AA466610007DCBC /* Build configuration list for PBXProject "DemoWindow" */;
			compatibilityVersion = "Xcode 3.2";
			developmentRegion = English;
			hasScannedForEncodings = 0;
			knownRegions = (
				en,
				Base,
			);
			mainGroup = 036DBAA41AA466610007DCBC;
			productRefGroup = 036DBAAE1AA466610007DCBC /* Products */;
			projectDirPath = "";
			projectRoot = "";
			targets = (
				036DBAAC1AA466610007DCBC /* DemoWindow */,
				036DBAC51AA466610007DCBC /* DemoWindowTests */,
			);
		};
/* End PBXProject section */

/* Begin PBXResourcesBuildPhase section */
		036DBAAB1AA466610007DCBC /* Resources */ = {
			isa = PBXResourcesBuildPhase;
			buildActionMask = 2147483647;
			files = (
				036DBAC11AA466610007DCBC /* LaunchScreen.xib in Resources */,
				036DBABE1AA466610007DCBC /* Images.xcassets in Resources */,
			);
			runOnlyForDeploymentPostprocessing = 0;
		};
		036DBAC41AA466610007DCBC /* Resources */ = {
			isa = PBXResourcesBuildPhase;
			buildActionMask = 2147483647;
			files = (
			);
			runOnlyForDeploymentPostprocessing = 0;
		};
/* End PBXResourcesBuildPhase section */

/* Begin PBXSourcesBuildPhase section */
		036DBAA91AA466610007DCBC /* Sources */ = {
			isa = PBXSourcesBuildPhase;
			buildActionMask = 2147483647;
			files = (
				036DBAB61AA466610007DCBC /* AppDelegate.m in Sources */,
				036DBAB31AA466610007DCBC /* main.m in Sources */,
			);
			runOnlyForDeploymentPostprocessing = 0;
		};
		036DBAC21AA466610007DCBC /* Sources */ = {
			isa = PBXSourcesBuildPhase;
			buildActionMask = 2147483647;
			files = (
				036DBACD1AA466610007DCBC /* DemoWindowTests.m in Sources */,
			);
			runOnlyForDeploymentPostprocessing = 0;
		};
/* End PBXSourcesBuildPhase section */

/* Begin PBXTargetDependency section */
		036DBAC81AA466610007DCBC /* PBXTargetDependency */ = {
			isa = PBXTargetDependency;
			target = 036DBAAC1AA466610007DCBC /* DemoWindow */;
			targetProxy = 036DBAC71AA466610007DCBC /* PBXContainerItemProxy */;
		};
/* End PBXTargetDependency section */

/* Begin PBXVariantGroup section */
		036DBABF1AA466610007DCBC /* LaunchScreen.xib */ = {
			isa = PBXVariantGroup;
			children = (
				036DBAC01AA466610007DCBC /* Base */,
			);
			name = LaunchScreen.xib;
			sourceTree = "<group>";
		};
/* End PBXVariantGroup section */

/* Begin XCBuildConfiguration section */
		036DBACE1AA466610007DCBC /* Debug */ = {
			isa = XCBuildConfiguration;
			buildSettings = {
				ALWAYS_SEARCH_USER_PATHS = NO;
				CLANG_CXX_LANGUAGE_STANDARD = "gnu++0x";
				CLANG_CXX_LIBRARY = "libc++";
				CLANG_ENABLE_MODULES = YES;
				CLANG_ENABLE_OBJC_ARC = YES;
				CLANG_WARN_BOOL_CONVERSION = YES;
				CLANG_WARN_CONSTANT_CONVERSION = YES;
				CLANG_WARN_DIRECT_OBJC_ISA_USAGE = YES_ERROR;
				CLANG_WARN_EMPTY_BODY = YES;
				CLANG_WARN_ENUM_CONVERSION = YES;
				CLANG_WARN_INT_CONVERSION = YES;
				CLANG_WARN_OBJC_ROOT_CLASS = YES_ERROR;
				CLANG_WARN_UNREACHABLE_CODE = YES;
				CLANG_WARN__DUPLICATE_METHOD_MATCH = YES;
				"CODE_SIGN_IDENTITY[sdk=iphoneos*]" = "iPhone Developer";
				COPY_PHASE_STRIP = NO;
				ENABLE_STRICT_OBJC_MSGSEND = YES;
				GCC_C_LANGUAGE_STANDARD = gnu99;
				GCC_DYNAMIC_NO_PIC = NO;
				GCC_OPTIMIZATION_LEVEL = 0;
				GCC_PREPROCESSOR_DEFINITIONS = (
					"DEBUG=1",
					"$(inherited)",
				);
				GCC_SYMBOLS_PRIVATE_EXTERN = NO;
				GCC_WARN_64_TO_32_BIT_CONVERSION = YES;
				GCC_WARN_ABOUT_RETURN_TYPE = YES_ERROR;
				GCC_WARN_UNDECLARED_SELECTOR = YES;
				GCC_WARN_UNINITIALIZED_AUTOS = YES_AGGRESSIVE;
				GCC_WARN_UNUSED_FUNCTION = YES;
				GCC_WARN_UNUSED_VARIABLE = YES;
				IPHONEOS_DEPLOYMENT_TARGET = 8.1;
				MTL_ENABLE_DEBUG_INFO = YES;
				ONLY_ACTIVE_ARCH = YES;
				SDKROOT = iphoneos;
			};
			name = Debug;
		};
		036DBACF1AA466610007DCBC /* Release */ = {
			isa = XCBuildConfiguration;
			buildSettings = {
				ALWAYS_SEARCH_USER_PATHS = NO;
				CLANG_CXX_LANGUAGE_STANDARD = "gnu++0x";
				CLANG_CXX_LIBRARY = "libc++";
				CLANG_ENABLE_MODULES = YES;
				CLANG_ENABLE_OBJC_ARC = YES;
				CLANG_WARN_BOOL_CONVERSION = YES;
				CLANG_WARN_CONSTANT_CONVERSION = YES;
				CLANG_WARN_DIRECT_OBJC_ISA_USAGE = YES_ERROR;
				CLANG_WARN_EMPTY_BODY = YES;
				CLANG_WARN_ENUM_CONVERSION = YES;
				CLANG_WARN_INT_CONVERSION = YES;
				CLANG_WARN_OBJC_ROOT_CLASS = YES_ERROR;
				CLANG_WARN_UNREACHABLE_CODE = YES;
				CLANG_WARN__DUPLICATE_METHOD_MATCH = YES;
				"CODE_SIGN_IDENTITY[sdk=iphoneos*]" = "iPhone Developer";
				COPY_PHASE_STRIP = YES;
				ENABLE_NS_ASSERTIONS = NO;
				ENABLE_STRICT_OBJC_MSGSEND = YES;
				GCC_C_LANGUAGE_STANDARD = gnu99;
				GCC_WARN_64_TO_32_BIT_CONVERSION = YES;
				GCC_WARN_ABOUT_RETURN_TYPE = YES_ERROR;
				GCC_WARN_UNDECLARED_SELECTOR = YES;
				GCC_WARN_UNINITIALIZED_AUTOS = YES_AGGRESSIVE;
				GCC_WARN_UNUSED_FUNCTION = YES;
				GCC_WARN_UNUSED_VARIABLE = YES;
				IPHONEOS_DEPLOYMENT_TARGET = 8.1;
				MTL_ENABLE_DEBUG_INFO = NO;
				SDKROOT = iphoneos;
				VALIDATE_PRODUCT = YES;
			};
			name = Release;
		};
		036DBAD11AA466610007DCBC /* Debug */ = {
			isa = XCBuildConfiguration;
			buildSettings = {
				ASSETCATALOG_COMPILER_APPICON_NAME = AppIcon;
				INFOPLIST_FILE = DemoWindow/Info.plist;
				LD_RUNPATH_SEARCH_PATHS = "$(inherited) @executable_path/Frameworks";
				PRODUCT_NAME = "$(TARGET_NAME)";
			};
			name = Debug;
		};
		036DBAD21AA466610007DCBC /* Release */ = {
			isa = XCBuildConfiguration;
			buildSettings = {
				ASSETCATALOG_COMPILER_APPICON_NAME = AppIcon;
				INFOPLIST_FILE = DemoWindow/Info.plist;
				LD_RUNPATH_SEARCH_PATHS = "$(inherited) @executable_path/Frameworks";
				PRODUCT_NAME = "$(TARGET_NAME)";
			};
			name = Release;
		};
		036DBAD41AA466610007DCBC /* Debug */ = {
			isa = XCBuildConfiguration;
			buildSettings = {
				BUNDLE_LOADER = "$(TEST_HOST)";
				FRAMEWORK_SEARCH_PATHS = (
					"$(SDKROOT)/Developer/Library/Frameworks",
					"$(inherited)",
				);
				GCC_PREPROCESSOR_DEFINITIONS = (
					"DEBUG=1",
					"$(inherited)",
				);
				INFOPLIST_FILE = DemoWindowTests/Info.plist;
				LD_RUNPATH_SEARCH_PATHS = "$(inherited) @executable_path/Frameworks @loader_path/Frameworks";
				PRODUCT_NAME = "$(TARGET_NAME)";
				TEST_HOST = "$(BUILT_PRODUCTS_DIR)/DemoWindow.app/DemoWindow";
			};
			name = Debug;
		};
		036DBAD51AA466610007DCBC /* Release */ = {
			isa = XCBuildConfiguration;
			buildSettings = {
				BUNDLE_LOADER = "$(TEST_HOST)";
				FRAMEWORK_SEARCH_PATHS = (
					"$(SDKROOT)/Developer/Library/Frameworks",
					"$(inherited)",
				);
				INFOPLIST_FILE = DemoWindowTests/Info.plist;
				LD_RUNPATH_SEARCH_PATHS = "$(inherited) @executable_path/Frameworks @loader_path/Frameworks";
				PRODUCT_NAME = "$(TARGET_NAME)";
				TEST_HOST = "$(BUILT_PRODUCTS_DIR)/DemoWindow.app/DemoWindow";
			};
			name = Release;
		};
/* End XCBuildConfiguration section */

/* Begin XCConfigurationList section */
		036DBAA81AA466610007DCBC /* Build configuration list for PBXProject "DemoWindow" */ = {
			isa = XCConfigurationList;
			buildConfigurations = (
				036DBACE1AA466610007DCBC /* Debug */,
				036DBACF1AA466610007DCBC /* Release */,
			);
			defaultConfigurationIsVisible = 0;
			defaultConfigurationName = Release;
		};
		036DBAD01AA466610007DCBC /* Build configuration list for PBXNativeTarget "DemoWindow" */ = {
			isa = XCConfigurationList;
			buildConfigurations = (
				036DBAD11AA466610007DCBC /* Debug */,
				036DBAD21AA466610007DCBC /* Release */,
			);
			defaultConfigurationIsVisible = 0;
		};
		036DBAD31AA466610007DCBC /* Build configuration list for PBXNativeTarget "DemoWindowTests" */ = {
			isa = XCConfigurationList;
			buildConfigurations = (
				036DBAD41AA466610007DCBC /* Debug */,
				036DBAD51AA466610007DCBC /* Release */,
			);
			defaultConfigurationIsVisible = 0;
		};
/* End XCConfigurationList section */
	};
	rootObject = 036DBAA51AA466610007DCBC /* Project object */;
}
