// !$*UTF8*$!
{
	archiveVersion = 1;
	classes = {
	};
	objectVersion = 46;
	objects = {

/* Begin PBXBuildFile section */
		0335B941175A513700F84B02 /* UIKit.framework in Frameworks */ = {isa = PBXBuildFile; fileRef = 0335B940175A513700F84B02 /* UIKit.framework */; };
		0335B943175A513700F84B02 /* Foundation.framework in Frameworks */ = {isa = PBXBuildFile; fileRef = 0335B942175A513700F84B02 /* Foundation.framework */; };
		0335B945175A513700F84B02 /* CoreGraphics.framework in Frameworks */ = {isa = PBXBuildFile; fileRef = 0335B944175A513700F84B02 /* CoreGraphics.framework */; };
		0335B94B175A513700F84B02 /* InfoPlist.strings in Resources */ = {isa = PBXBuildFile; fileRef = 0335B949175A513700F84B02 /* InfoPlist.strings */; };
		0335B94D175A513700F84B02 /* main.m in Sources */ = {isa = PBXBuildFile; fileRef = 0335B94C175A513700F84B02 /* main.m */; };
		0335B951175A513700F84B02 /* AppDelegate.m in Sources */ = {isa = PBXBuildFile; fileRef = 0335B950175A513700F84B02 /* AppDelegate.m */; };
		0335B953175A513700F84B02 /* Default.png in Resources */ = {isa = PBXBuildFile; fileRef = 0335B952175A513700F84B02 /* Default.png */; };
		0335B955175A513700F84B02 /* Default@2x.png in Resources */ = {isa = PBXBuildFile; fileRef = 0335B954175A513700F84B02 /* Default@2x.png */; };
		0335B957175A513700F84B02 /* Default-568h@2x.png in Resources */ = {isa = PBXBuildFile; fileRef = 0335B956175A513700F84B02 /* Default-568h@2x.png */; };
		0335B965175A517400F84B02 /* CustomViewController.m in Sources */ = {isa = PBXBuildFile; fileRef = 0335B964175A517400F84B02 /* CustomViewController.m */; };
/* End PBXBuildFile section */

/* Begin PBXFileReference section */
		0335B93D175A513700F84B02 /* Labs 2.2.app */ = {isa = PBXFileReference; explicitFileType = wrapper.application; includeInIndex = 0; path = "Labs 2.2.app"; sourceTree = BUILT_PRODUCTS_DIR; };
		0335B940175A513700F84B02 /* UIKit.framework */ = {isa = PBXFileReference; lastKnownFileType = wrapper.framework; name = UIKit.framework; path = System/Library/Frameworks/UIKit.framework; sourceTree = SDKROOT; };
		0335B942175A513700F84B02 /* Foundation.framework */ = {isa = PBXFileReference; lastKnownFileType = wrapper.framework; name = Foundation.framework; path = System/Library/Frameworks/Foundation.framework; sourceTree = SDKROOT; };
		0335B944175A513700F84B02 /* CoreGraphics.framework */ = {isa = PBXFileReference; lastKnownFileType = wrapper.framework; name = CoreGraphics.framework; path = System/Library/Frameworks/CoreGraphics.framework; sourceTree = SDKROOT; };
		0335B948175A513700F84B02 /* Labs 2.2-Info.plist */ = {isa = PBXFileReference; lastKnownFileType = text.plist.xml; path = "Labs 2.2-Info.plist"; sourceTree = "<group>"; };
		0335B94A175A513700F84B02 /* en */ = {isa = PBXFileReference; lastKnownFileType = text.plist.strings; name = en; path = en.lproj/InfoPlist.strings; sourceTree = "<group>"; };
		0335B94C175A513700F84B02 /* main.m */ = {isa = PBXFileReference; lastKnownFileType = sourcecode.c.objc; path = main.m; sourceTree = "<group>"; };
		0335B94E175A513700F84B02 /* Labs 2.2-Prefix.pch */ = {isa = PBXFileReference; lastKnownFileType = sourcecode.c.h; path = "Labs 2.2-Prefix.pch"; sourceTree = "<group>"; };
		0335B94F175A513700F84B02 /* AppDelegate.h */ = {isa = PBXFileReference; lastKnownFileType = sourcecode.c.h; path = AppDelegate.h; sourceTree = "<group>"; };
		0335B950175A513700F84B02 /* AppDelegate.m */ = {isa = PBXFileReference; lastKnownFileType = sourcecode.c.objc; path = AppDelegate.m; sourceTree = "<group>"; };
		0335B952175A513700F84B02 /* Default.png */ = {isa = PBXFileReference; lastKnownFileType = image.png; path = Default.png; sourceTree = "<group>"; };
		0335B954175A513700F84B02 /* Default@2x.png */ = {isa = PBXFileReference; lastKnownFileType = image.png; path = "Default@2x.png"; sourceTree = "<group>"; };
		0335B956175A513700F84B02 /* Default-568h@2x.png */ = {isa = PBXFileReference; lastKnownFileType = image.png; path = "Default-568h@2x.png"; sourceTree = "<group>"; };
		0335B963175A517400F84B02 /* CustomViewController.h */ = {isa = PBXFileReference; fileEncoding = 4; lastKnownFileType = sourcecode.c.h; path = CustomViewController.h; sourceTree = "<group>"; };
		0335B964175A517400F84B02 /* CustomViewController.m */ = {isa = PBXFileReference; fileEncoding = 4; lastKnownFileType = sourcecode.c.objc; path = CustomViewController.m; sourceTree = "<group>"; };
/* End PBXFileReference section */

/* Begin PBXFrameworksBuildPhase section */
		0335B93A175A513700F84B02 /* Frameworks */ = {
			isa = PBXFrameworksBuildPhase;
			buildActionMask = 2147483647;
			files = (
				0335B941175A513700F84B02 /* UIKit.framework in Frameworks */,
				0335B943175A513700F84B02 /* Foundation.framework in Frameworks */,
				0335B945175A513700F84B02 /* CoreGraphics.framework in Frameworks */,
			);
			runOnlyForDeploymentPostprocessing = 0;
		};
/* End PBXFrameworksBuildPhase section */

/* Begin PBXGroup section */
		0335B934175A513700F84B02 = {
			isa = PBXGroup;
			children = (
				0335B946175A513700F84B02 /* Labs 2.2 */,
				0335B93F175A513700F84B02 /* Frameworks */,
				0335B93E175A513700F84B02 /* Products */,
			);
			sourceTree = "<group>";
		};
		0335B93E175A513700F84B02 /* Products */ = {
			isa = PBXGroup;
			children = (
				0335B93D175A513700F84B02 /* Labs 2.2.app */,
			);
			name = Products;
			sourceTree = "<group>";
		};
		0335B93F175A513700F84B02 /* Frameworks */ = {
			isa = PBXGroup;
			children = (
				0335B940175A513700F84B02 /* UIKit.framework */,
				0335B942175A513700F84B02 /* Foundation.framework */,
				0335B944175A513700F84B02 /* CoreGraphics.framework */,
			);
			name = Frameworks;
			sourceTree = "<group>";
		};
		0335B946175A513700F84B02 /* Labs 2.2 */ = {
			isa = PBXGroup;
			children = (
				0335B94F175A513700F84B02 /* AppDelegate.h */,
				0335B950175A513700F84B02 /* AppDelegate.m */,
				0335B963175A517400F84B02 /* CustomViewController.h */,
				0335B964175A517400F84B02 /* CustomViewController.m */,
				0335B947175A513700F84B02 /* Supporting Files */,
			);
			path = "Labs 2.2";
			sourceTree = "<group>";
		};
		0335B947175A513700F84B02 /* Supporting Files */ = {
			isa = PBXGroup;
			children = (
				0335B948175A513700F84B02 /* Labs 2.2-Info.plist */,
				0335B949175A513700F84B02 /* InfoPlist.strings */,
				0335B94C175A513700F84B02 /* main.m */,
				0335B94E175A513700F84B02 /* Labs 2.2-Prefix.pch */,
				0335B952175A513700F84B02 /* Default.png */,
				0335B954175A513700F84B02 /* Default@2x.png */,
				0335B956175A513700F84B02 /* Default-568h@2x.png */,
			);
			name = "Supporting Files";
			sourceTree = "<group>";
		};
/* End PBXGroup section */

/* Begin PBXNativeTarget section */
		0335B93C175A513700F84B02 /* Labs 2.2 */ = {
			isa = PBXNativeTarget;
			buildConfigurationList = 0335B960175A513700F84B02 /* Build configuration list for PBXNativeTarget "Labs 2.2" */;
			buildPhases = (
				0335B939175A513700F84B02 /* Sources */,
				0335B93A175A513700F84B02 /* Frameworks */,
				0335B93B175A513700F84B02 /* Resources */,
			);
			buildRules = (
			);
			dependencies = (
			);
			name = "Labs 2.2";
			productName = "Labs 2.2";
			productReference = 0335B93D175A513700F84B02 /* Labs 2.2.app */;
			productType = "com.apple.product-type.application";
		};
/* End PBXNativeTarget section */

/* Begin PBXProject section */
		0335B935175A513700F84B02 /* Project object */ = {
			isa = PBXProject;
			attributes = {
				LastUpgradeCheck = 0460;
				ORGANIZATIONNAME = "Nicolas VERINAUD";
			};
			buildConfigurationList = 0335B938175A513700F84B02 /* Build configuration list for PBXProject "Labs 2.2" */;
			compatibilityVersion = "Xcode 3.2";
			developmentRegion = English;
			hasScannedForEncodings = 0;
			knownRegions = (
				en,
			);
			mainGroup = 0335B934175A513700F84B02;
			productRefGroup = 0335B93E175A513700F84B02 /* Products */;
			projectDirPath = "";
			projectRoot = "";
			targets = (
				0335B93C175A513700F84B02 /* Labs 2.2 */,
			);
		};
/* End PBXProject section */

/* Begin PBXResourcesBuildPhase section */
		0335B93B175A513700F84B02 /* Resources */ = {
			isa = PBXResourcesBuildPhase;
			buildActionMask = 2147483647;
			files = (
				0335B94B175A513700F84B02 /* InfoPlist.strings in Resources */,
				0335B953175A513700F84B02 /* Default.png in Resources */,
				0335B955175A513700F84B02 /* Default@2x.png in Resources */,
				0335B957175A513700F84B02 /* Default-568h@2x.png in Resources */,
			);
			runOnlyForDeploymentPostprocessing = 0;
		};
/* End PBXResourcesBuildPhase section */

/* Begin PBXSourcesBuildPhase section */
		0335B939175A513700F84B02 /* Sources */ = {
			isa = PBXSourcesBuildPhase;
			buildActionMask = 2147483647;
			files = (
				0335B94D175A513700F84B02 /* main.m in Sources */,
				0335B951175A513700F84B02 /* AppDelegate.m in Sources */,
				0335B965175A517400F84B02 /* CustomViewController.m in Sources */,
			);
			runOnlyForDeploymentPostprocessing = 0;
		};
/* End PBXSourcesBuildPhase section */

/* Begin PBXVariantGroup section */
		0335B949175A513700F84B02 /* InfoPlist.strings */ = {
			isa = PBXVariantGroup;
			children = (
				0335B94A175A513700F84B02 /* en */,
			);
			name = InfoPlist.strings;
			sourceTree = "<group>";
		};
/* End PBXVariantGroup section */

/* Begin XCBuildConfiguration section */
		0335B95E175A513700F84B02 /* Debug */ = {
			isa = XCBuildConfiguration;
			buildSettings = {
				ALWAYS_SEARCH_USER_PATHS = NO;
				CLANG_CXX_LANGUAGE_STANDARD = "gnu++0x";
				CLANG_CXX_LIBRARY = "libc++";
				CLANG_WARN_CONSTANT_CONVERSION = YES;
				CLANG_WARN_EMPTY_BODY = YES;
				CLANG_WARN_ENUM_CONVERSION = YES;
				CLANG_WARN_INT_CONVERSION = YES;
				CLANG_WARN__DUPLICATE_METHOD_MATCH = YES;
				"CODE_SIGN_IDENTITY[sdk=iphoneos*]" = "iPhone Developer";
				COPY_PHASE_STRIP = NO;
				GCC_C_LANGUAGE_STANDARD = gnu99;
				GCC_DYNAMIC_NO_PIC = NO;
				GCC_OPTIMIZATION_LEVEL = 0;
				GCC_PREPROCESSOR_DEFINITIONS = (
					"DEBUG=1",
					"$(inherited)",
				);
				GCC_SYMBOLS_PRIVATE_EXTERN = NO;
				GCC_WARN_ABOUT_RETURN_TYPE = YES;
				GCC_WARN_UNINITIALIZED_AUTOS = YES;
				GCC_WARN_UNUSED_VARIABLE = YES;
				IPHONEOS_DEPLOYMENT_TARGET = 6.1;
				ONLY_ACTIVE_ARCH = YES;
				SDKROOT = iphoneos;
			};
			name = Debug;
		};
		0335B95F175A513700F84B02 /* Release */ = {
			isa = XCBuildConfiguration;
			buildSettings = {
				ALWAYS_SEARCH_USER_PATHS = NO;
				CLANG_CXX_LANGUAGE_STANDARD = "gnu++0x";
				CLANG_CXX_LIBRARY = "libc++";
				CLANG_WARN_CONSTANT_CONVERSION = YES;
				CLANG_WARN_EMPTY_BODY = YES;
				CLANG_WARN_ENUM_CONVERSION = YES;
				CLANG_WARN_INT_CONVERSION = YES;
				CLANG_WARN__DUPLICATE_METHOD_MATCH = YES;
				"CODE_SIGN_IDENTITY[sdk=iphoneos*]" = "iPhone Developer";
				COPY_PHASE_STRIP = YES;
				GCC_C_LANGUAGE_STANDARD = gnu99;
				GCC_WARN_ABOUT_RETURN_TYPE = YES;
				GCC_WARN_UNINITIALIZED_AUTOS = YES;
				GCC_WARN_UNUSED_VARIABLE = YES;
				IPHONEOS_DEPLOYMENT_TARGET = 6.1;
				OTHER_CFLAGS = "-DNS_BLOCK_ASSERTIONS=1";
				SDKROOT = iphoneos;
				VALIDATE_PRODUCT = YES;
			};
			name = Release;
		};
		0335B961175A513700F84B02 /* Debug */ = {
			isa = XCBuildConfiguration;
			buildSettings = {
				GCC_PRECOMPILE_PREFIX_HEADER = YES;
				GCC_PREFIX_HEADER = "Labs 2.2/Labs 2.2-Prefix.pch";
				INFOPLIST_FILE = "Labs 2.2/Labs 2.2-Info.plist";
				PRODUCT_NAME = "$(TARGET_NAME)";
				WRAPPER_EXTENSION = app;
			};
			name = Debug;
		};
		0335B962175A513700F84B02 /* Release */ = {
			isa = XCBuildConfiguration;
			buildSettings = {
				GCC_PRECOMPILE_PREFIX_HEADER = YES;
				GCC_PREFIX_HEADER = "Labs 2.2/Labs 2.2-Prefix.pch";
				INFOPLIST_FILE = "Labs 2.2/Labs 2.2-Info.plist";
				PRODUCT_NAME = "$(TARGET_NAME)";
				WRAPPER_EXTENSION = app;
			};
			name = Release;
		};
/* End XCBuildConfiguration section */

/* Begin XCConfigurationList section */
		0335B938175A513700F84B02 /* Build configuration list for PBXProject "Labs 2.2" */ = {
			isa = XCConfigurationList;
			buildConfigurations = (
				0335B95E175A513700F84B02 /* Debug */,
				0335B95F175A513700F84B02 /* Release */,
			);
			defaultConfigurationIsVisible = 0;
			defaultConfigurationName = Release;
		};
		0335B960175A513700F84B02 /* Build configuration list for PBXNativeTarget "Labs 2.2" */ = {
			isa = XCConfigurationList;
			buildConfigurations = (
				0335B961175A513700F84B02 /* Debug */,
				0335B962175A513700F84B02 /* Release */,
			);
			defaultConfigurationIsVisible = 0;
		};
/* End XCConfigurationList section */
	};
	rootObject = 0335B935175A513700F84B02 /* Project object */;
}
