// !$*UTF8*$!
{
	archiveVersion = 1;
	classes = {
	};
	objectVersion = 46;
	objects = {

/* Begin PBXBuildFile section */
		03AAAE971AA60C82002C3710 /* main.m in Sources */ = {isa = PBXBuildFile; fileRef = 03AAAE961AA60C82002C3710 /* main.m */; };
		03AAAE9A1AA60C82002C3710 /* AppDelegate.m in Sources */ = {isa = PBXBuildFile; fileRef = 03AAAE991AA60C82002C3710 /* AppDelegate.m */; };
		03AAAEA21AA60C82002C3710 /* Images.xcassets in Resources */ = {isa = PBXBuildFile; fileRef = 03AAAEA11AA60C82002C3710 /* Images.xcassets */; };
		03AAAEA51AA60C82002C3710 /* LaunchScreen.xib in Resources */ = {isa = PBXBuildFile; fileRef = 03AAAEA31AA60C82002C3710 /* LaunchScreen.xib */; };
		03AAAEB11AA60C82002C3710 /* TweetBotAnimationTests.m in Sources */ = {isa = PBXBuildFile; fileRef = 03AAAEB01AA60C82002C3710 /* TweetBotAnimationTests.m */; };
		03AAAEBD1AA60CD9002C3710 /* TweetTableViewCell.m in Sources */ = {isa = PBXBuildFile; fileRef = 03AAAEBB1AA60CD9002C3710 /* TweetTableViewCell.m */; };
		03AAAEBE1AA60CD9002C3710 /* TweetTableViewCell.xib in Resources */ = {isa = PBXBuildFile; fileRef = 03AAAEBC1AA60CD9002C3710 /* TweetTableViewCell.xib */; };
		03AAAEC11AA60DDF002C3710 /* TweetsTableViewController.m in Sources */ = {isa = PBXBuildFile; fileRef = 03AAAEC01AA60DDF002C3710 /* TweetsTableViewController.m */; };
/* End PBXBuildFile section */

/* Begin PBXContainerItemProxy section */
		03AAAEAB1AA60C82002C3710 /* PBXContainerItemProxy */ = {
			isa = PBXContainerItemProxy;
			containerPortal = 03AAAE891AA60C82002C3710 /* Project object */;
			proxyType = 1;
			remoteGlobalIDString = 03AAAE901AA60C82002C3710;
			remoteInfo = TweetBotAnimation;
		};
/* End PBXContainerItemProxy section */

/* Begin PBXFileReference section */
		03AAAE911AA60C82002C3710 /* TweetBotAnimation.app */ = {isa = PBXFileReference; explicitFileType = wrapper.application; includeInIndex = 0; path = TweetBotAnimation.app; sourceTree = BUILT_PRODUCTS_DIR; };
		03AAAE951AA60C82002C3710 /* Info.plist */ = {isa = PBXFileReference; lastKnownFileType = text.plist.xml; path = Info.plist; sourceTree = "<group>"; };
		03AAAE961AA60C82002C3710 /* main.m */ = {isa = PBXFileReference; lastKnownFileType = sourcecode.c.objc; path = main.m; sourceTree = "<group>"; };
		03AAAE981AA60C82002C3710 /* AppDelegate.h */ = {isa = PBXFileReference; lastKnownFileType = sourcecode.c.h; path = AppDelegate.h; sourceTree = "<group>"; };
		03AAAE991AA60C82002C3710 /* AppDelegate.m */ = {isa = PBXFileReference; lastKnownFileType = sourcecode.c.objc; path = AppDelegate.m; sourceTree = "<group>"; };
		03AAAEA11AA60C82002C3710 /* Images.xcassets */ = {isa = PBXFileReference; lastKnownFileType = folder.assetcatalog; path = Images.xcassets; sourceTree = "<group>"; };
		03AAAEA41AA60C82002C3710 /* Base */ = {isa = PBXFileReference; lastKnownFileType = file.xib; name = Base; path = Base.lproj/LaunchScreen.xib; sourceTree = "<group>"; };
		03AAAEAA1AA60C82002C3710 /* TweetBotAnimationTests.xctest */ = {isa = PBXFileReference; explicitFileType = wrapper.cfbundle; includeInIndex = 0; path = TweetBotAnimationTests.xctest; sourceTree = BUILT_PRODUCTS_DIR; };
		03AAAEAF1AA60C82002C3710 /* Info.plist */ = {isa = PBXFileReference; lastKnownFileType = text.plist.xml; path = Info.plist; sourceTree = "<group>"; };
		03AAAEB01AA60C82002C3710 /* TweetBotAnimationTests.m */ = {isa = PBXFileReference; lastKnownFileType = sourcecode.c.objc; path = TweetBotAnimationTests.m; sourceTree = "<group>"; };
		03AAAEBA1AA60CD9002C3710 /* TweetTableViewCell.h */ = {isa = PBXFileReference; fileEncoding = 4; lastKnownFileType = sourcecode.c.h; path = TweetTableViewCell.h; sourceTree = "<group>"; };
		03AAAEBB1AA60CD9002C3710 /* TweetTableViewCell.m */ = {isa = PBXFileReference; fileEncoding = 4; lastKnownFileType = sourcecode.c.objc; path = TweetTableViewCell.m; sourceTree = "<group>"; };
		03AAAEBC1AA60CD9002C3710 /* TweetTableViewCell.xib */ = {isa = PBXFileReference; fileEncoding = 4; lastKnownFileType = file.xib; path = TweetTableViewCell.xib; sourceTree = "<group>"; };
		03AAAEBF1AA60DDF002C3710 /* TweetsTableViewController.h */ = {isa = PBXFileReference; fileEncoding = 4; lastKnownFileType = sourcecode.c.h; path = TweetsTableViewController.h; sourceTree = "<group>"; };
		03AAAEC01AA60DDF002C3710 /* TweetsTableViewController.m */ = {isa = PBXFileReference; fileEncoding = 4; lastKnownFileType = sourcecode.c.objc; path = TweetsTableViewController.m; sourceTree = "<group>"; };
/* End PBXFileReference section */

/* Begin PBXFrameworksBuildPhase section */
		03AAAE8E1AA60C82002C3710 /* Frameworks */ = {
			isa = PBXFrameworksBuildPhase;
			buildActionMask = 2147483647;
			files = (
			);
			runOnlyForDeploymentPostprocessing = 0;
		};
		03AAAEA71AA60C82002C3710 /* Frameworks */ = {
			isa = PBXFrameworksBuildPhase;
			buildActionMask = 2147483647;
			files = (
			);
			runOnlyForDeploymentPostprocessing = 0;
		};
/* End PBXFrameworksBuildPhase section */

/* Begin PBXGroup section */
		03AAAE881AA60C82002C3710 = {
			isa = PBXGroup;
			children = (
				03AAAE931AA60C82002C3710 /* TweetBotAnimation */,
				03AAAEAD1AA60C82002C3710 /* TweetBotAnimationTests */,
				03AAAE921AA60C82002C3710 /* Products */,
			);
			sourceTree = "<group>";
		};
		03AAAE921AA60C82002C3710 /* Products */ = {
			isa = PBXGroup;
			children = (
				03AAAE911AA60C82002C3710 /* TweetBotAnimation.app */,
				03AAAEAA1AA60C82002C3710 /* TweetBotAnimationTests.xctest */,
			);
			name = Products;
			sourceTree = "<group>";
		};
		03AAAE931AA60C82002C3710 /* TweetBotAnimation */ = {
			isa = PBXGroup;
			children = (
				03AAAE981AA60C82002C3710 /* AppDelegate.h */,
				03AAAE991AA60C82002C3710 /* AppDelegate.m */,
				03AAAEA11AA60C82002C3710 /* Images.xcassets */,
				03AAAEA31AA60C82002C3710 /* LaunchScreen.xib */,
				03AAAE941AA60C82002C3710 /* Supporting Files */,
				03AAAEBA1AA60CD9002C3710 /* TweetTableViewCell.h */,
				03AAAEBB1AA60CD9002C3710 /* TweetTableViewCell.m */,
				03AAAEBC1AA60CD9002C3710 /* TweetTableViewCell.xib */,
				03AAAEBF1AA60DDF002C3710 /* TweetsTableViewController.h */,
				03AAAEC01AA60DDF002C3710 /* TweetsTableViewController.m */,
			);
			path = TweetBotAnimation;
			sourceTree = "<group>";
		};
		03AAAE941AA60C82002C3710 /* Supporting Files */ = {
			isa = PBXGroup;
			children = (
				03AAAE951AA60C82002C3710 /* Info.plist */,
				03AAAE961AA60C82002C3710 /* main.m */,
			);
			name = "Supporting Files";
			sourceTree = "<group>";
		};
		03AAAEAD1AA60C82002C3710 /* TweetBotAnimationTests */ = {
			isa = PBXGroup;
			children = (
				03AAAEB01AA60C82002C3710 /* TweetBotAnimationTests.m */,
				03AAAEAE1AA60C82002C3710 /* Supporting Files */,
			);
			path = TweetBotAnimationTests;
			sourceTree = "<group>";
		};
		03AAAEAE1AA60C82002C3710 /* Supporting Files */ = {
			isa = PBXGroup;
			children = (
				03AAAEAF1AA60C82002C3710 /* Info.plist */,
			);
			name = "Supporting Files";
			sourceTree = "<group>";
		};
/* End PBXGroup section */

/* Begin PBXNativeTarget section */
		03AAAE901AA60C82002C3710 /* TweetBotAnimation */ = {
			isa = PBXNativeTarget;
			buildConfigurationList = 03AAAEB41AA60C82002C3710 /* Build configuration list for PBXNativeTarget "TweetBotAnimation" */;
			buildPhases = (
				03AAAE8D1AA60C82002C3710 /* Sources */,
				03AAAE8E1AA60C82002C3710 /* Frameworks */,
				03AAAE8F1AA60C82002C3710 /* Resources */,
			);
			buildRules = (
			);
			dependencies = (
			);
			name = TweetBotAnimation;
			productName = TweetBotAnimation;
			productReference = 03AAAE911AA60C82002C3710 /* TweetBotAnimation.app */;
			productType = "com.apple.product-type.application";
		};
		03AAAEA91AA60C82002C3710 /* TweetBotAnimationTests */ = {
			isa = PBXNativeTarget;
			buildConfigurationList = 03AAAEB71AA60C82002C3710 /* Build configuration list for PBXNativeTarget "TweetBotAnimationTests" */;
			buildPhases = (
				03AAAEA61AA60C82002C3710 /* Sources */,
				03AAAEA71AA60C82002C3710 /* Frameworks */,
				03AAAEA81AA60C82002C3710 /* Resources */,
			);
			buildRules = (
			);
			dependencies = (
				03AAAEAC1AA60C82002C3710 /* PBXTargetDependency */,
			);
			name = TweetBotAnimationTests;
			productName = TweetBotAnimationTests;
			productReference = 03AAAEAA1AA60C82002C3710 /* TweetBotAnimationTests.xctest */;
			productType = "com.apple.product-type.bundle.unit-test";
		};
/* End PBXNativeTarget section */

/* Begin PBXProject section */
		03AAAE891AA60C82002C3710 /* Project object */ = {
			isa = PBXProject;
			attributes = {
				LastUpgradeCheck = 0610;
				ORGANIZATIONNAME = "Nicolas VERINAUD";
				TargetAttributes = {
					03AAAE901AA60C82002C3710 = {
						CreatedOnToolsVersion = 6.1.1;
					};
					03AAAEA91AA60C82002C3710 = {
						CreatedOnToolsVersion = 6.1.1;
						TestTargetID = 03AAAE901AA60C82002C3710;
					};
				};
			};
			buildConfigurationList = 03AAAE8C1AA60C82002C3710 /* Build configuration list for PBXProject "TweetBotAnimation" */;
			compatibilityVersion = "Xcode 3.2";
			developmentRegion = English;
			hasScannedForEncodings = 0;
			knownRegions = (
				en,
				Base,
			);
			mainGroup = 03AAAE881AA60C82002C3710;
			productRefGroup = 03AAAE921AA60C82002C3710 /* Products */;
			projectDirPath = "";
			projectRoot = "";
			targets = (
				03AAAE901AA60C82002C3710 /* TweetBotAnimation */,
				03AAAEA91AA60C82002C3710 /* TweetBotAnimationTests */,
			);
		};
/* End PBXProject section */

/* Begin PBXResourcesBuildPhase section */
		03AAAE8F1AA60C82002C3710 /* Resources */ = {
			isa = PBXResourcesBuildPhase;
			buildActionMask = 2147483647;
			files = (
				03AAAEA51AA60C82002C3710 /* LaunchScreen.xib in Resources */,
				03AAAEBE1AA60CD9002C3710 /* TweetTableViewCell.xib in Resources */,
				03AAAEA21AA60C82002C3710 /* Images.xcassets in Resources */,
			);
			runOnlyForDeploymentPostprocessing = 0;
		};
		03AAAEA81AA60C82002C3710 /* Resources */ = {
			isa = PBXResourcesBuildPhase;
			buildActionMask = 2147483647;
			files = (
			);
			runOnlyForDeploymentPostprocessing = 0;
		};
/* End PBXResourcesBuildPhase section */

/* Begin PBXSourcesBuildPhase section */
		03AAAE8D1AA60C82002C3710 /* Sources */ = {
			isa = PBXSourcesBuildPhase;
			buildActionMask = 2147483647;
			files = (
				03AAAE9A1AA60C82002C3710 /* AppDelegate.m in Sources */,
				03AAAEC11AA60DDF002C3710 /* TweetsTableViewController.m in Sources */,
				03AAAE971AA60C82002C3710 /* main.m in Sources */,
				03AAAEBD1AA60CD9002C3710 /* TweetTableViewCell.m in Sources */,
			);
			runOnlyForDeploymentPostprocessing = 0;
		};
		03AAAEA61AA60C82002C3710 /* Sources */ = {
			isa = PBXSourcesBuildPhase;
			buildActionMask = 2147483647;
			files = (
				03AAAEB11AA60C82002C3710 /* TweetBotAnimationTests.m in Sources */,
			);
			runOnlyForDeploymentPostprocessing = 0;
		};
/* End PBXSourcesBuildPhase section */

/* Begin PBXTargetDependency section */
		03AAAEAC1AA60C82002C3710 /* PBXTargetDependency */ = {
			isa = PBXTargetDependency;
			target = 03AAAE901AA60C82002C3710 /* TweetBotAnimation */;
			targetProxy = 03AAAEAB1AA60C82002C3710 /* PBXContainerItemProxy */;
		};
/* End PBXTargetDependency section */

/* Begin PBXVariantGroup section */
		03AAAEA31AA60C82002C3710 /* LaunchScreen.xib */ = {
			isa = PBXVariantGroup;
			children = (
				03AAAEA41AA60C82002C3710 /* Base */,
			);
			name = LaunchScreen.xib;
			sourceTree = "<group>";
		};
/* End PBXVariantGroup section */

/* Begin XCBuildConfiguration section */
		03AAAEB21AA60C82002C3710 /* Debug */ = {
			isa = XCBuildConfiguration;
			buildSettings = {
				ALWAYS_SEARCH_USER_PATHS = NO;
				CLANG_CXX_LANGUAGE_STANDARD = "gnu++0x";
				CLANG_CXX_LIBRARY = "libc++";
				CLANG_ENABLE_MODULES = YES;
				CLANG_ENABLE_OBJC_ARC = YES;
				CLANG_WARN_BOOL_CONVERSION = YES;
				CLANG_WARN_CONSTANT_CONVERSION = YES;
				CLANG_WARN_DIRECT_OBJC_ISA_USAGE = YES_ERROR;
				CLANG_WARN_EMPTY_BODY = YES;
				CLANG_WARN_ENUM_CONVERSION = YES;
				CLANG_WARN_INT_CONVERSION = YES;
				CLANG_WARN_OBJC_ROOT_CLASS = YES_ERROR;
				CLANG_WARN_UNREACHABLE_CODE = YES;
				CLANG_WARN__DUPLICATE_METHOD_MATCH = YES;
				"CODE_SIGN_IDENTITY[sdk=iphoneos*]" = "iPhone Developer";
				COPY_PHASE_STRIP = NO;
				ENABLE_STRICT_OBJC_MSGSEND = YES;
				GCC_C_LANGUAGE_STANDARD = gnu99;
				GCC_DYNAMIC_NO_PIC = NO;
				GCC_OPTIMIZATION_LEVEL = 0;
				GCC_PREPROCESSOR_DEFINITIONS = (
					"DEBUG=1",
					"$(inherited)",
				);
				GCC_SYMBOLS_PRIVATE_EXTERN = NO;
				GCC_WARN_64_TO_32_BIT_CONVERSION = YES;
				GCC_WARN_ABOUT_RETURN_TYPE = YES_ERROR;
				GCC_WARN_UNDECLARED_SELECTOR = YES;
				GCC_WARN_UNINITIALIZED_AUTOS = YES_AGGRESSIVE;
				GCC_WARN_UNUSED_FUNCTION = YES;
				GCC_WARN_UNUSED_VARIABLE = YES;
				IPHONEOS_DEPLOYMENT_TARGET = 8.1;
				MTL_ENABLE_DEBUG_INFO = YES;
				ONLY_ACTIVE_ARCH = YES;
				SDKROOT = iphoneos;
			};
			name = Debug;
		};
		03AAAEB31AA60C82002C3710 /* Release */ = {
			isa = XCBuildConfiguration;
			buildSettings = {
				ALWAYS_SEARCH_USER_PATHS = NO;
				CLANG_CXX_LANGUAGE_STANDARD = "gnu++0x";
				CLANG_CXX_LIBRARY = "libc++";
				CLANG_ENABLE_MODULES = YES;
				CLANG_ENABLE_OBJC_ARC = YES;
				CLANG_WARN_BOOL_CONVERSION = YES;
				CLANG_WARN_CONSTANT_CONVERSION = YES;
				CLANG_WARN_DIRECT_OBJC_ISA_USAGE = YES_ERROR;
				CLANG_WARN_EMPTY_BODY = YES;
				CLANG_WARN_ENUM_CONVERSION = YES;
				CLANG_WARN_INT_CONVERSION = YES;
				CLANG_WARN_OBJC_ROOT_CLASS = YES_ERROR;
				CLANG_WARN_UNREACHABLE_CODE = YES;
				CLANG_WARN__DUPLICATE_METHOD_MATCH = YES;
				"CODE_SIGN_IDENTITY[sdk=iphoneos*]" = "iPhone Developer";
				COPY_PHASE_STRIP = YES;
				ENABLE_NS_ASSERTIONS = NO;
				ENABLE_STRICT_OBJC_MSGSEND = YES;
				GCC_C_LANGUAGE_STANDARD = gnu99;
				GCC_WARN_64_TO_32_BIT_CONVERSION = YES;
				GCC_WARN_ABOUT_RETURN_TYPE = YES_ERROR;
				GCC_WARN_UNDECLARED_SELECTOR = YES;
				GCC_WARN_UNINITIALIZED_AUTOS = YES_AGGRESSIVE;
				GCC_WARN_UNUSED_FUNCTION = YES;
				GCC_WARN_UNUSED_VARIABLE = YES;
				IPHONEOS_DEPLOYMENT_TARGET = 8.1;
				MTL_ENABLE_DEBUG_INFO = NO;
				SDKROOT = iphoneos;
				VALIDATE_PRODUCT = YES;
			};
			name = Release;
		};
		03AAAEB51AA60C82002C3710 /* Debug */ = {
			isa = XCBuildConfiguration;
			buildSettings = {
				ASSETCATALOG_COMPILER_APPICON_NAME = AppIcon;
				INFOPLIST_FILE = TweetBotAnimation/Info.plist;
				LD_RUNPATH_SEARCH_PATHS = "$(inherited) @executable_path/Frameworks";
				PRODUCT_NAME = "$(TARGET_NAME)";
			};
			name = Debug;
		};
		03AAAEB61AA60C82002C3710 /* Release */ = {
			isa = XCBuildConfiguration;
			buildSettings = {
				ASSETCATALOG_COMPILER_APPICON_NAME = AppIcon;
				INFOPLIST_FILE = TweetBotAnimation/Info.plist;
				LD_RUNPATH_SEARCH_PATHS = "$(inherited) @executable_path/Frameworks";
				PRODUCT_NAME = "$(TARGET_NAME)";
			};
			name = Release;
		};
		03AAAEB81AA60C82002C3710 /* Debug */ = {
			isa = XCBuildConfiguration;
			buildSettings = {
				BUNDLE_LOADER = "$(TEST_HOST)";
				FRAMEWORK_SEARCH_PATHS = (
					"$(SDKROOT)/Developer/Library/Frameworks",
					"$(inherited)",
				);
				GCC_PREPROCESSOR_DEFINITIONS = (
					"DEBUG=1",
					"$(inherited)",
				);
				INFOPLIST_FILE = TweetBotAnimationTests/Info.plist;
				LD_RUNPATH_SEARCH_PATHS = "$(inherited) @executable_path/Frameworks @loader_path/Frameworks";
				PRODUCT_NAME = "$(TARGET_NAME)";
				TEST_HOST = "$(BUILT_PRODUCTS_DIR)/TweetBotAnimation.app/TweetBotAnimation";
			};
			name = Debug;
		};
		03AAAEB91AA60C82002C3710 /* Release */ = {
			isa = XCBuildConfiguration;
			buildSettings = {
				BUNDLE_LOADER = "$(TEST_HOST)";
				FRAMEWORK_SEARCH_PATHS = (
					"$(SDKROOT)/Developer/Library/Frameworks",
					"$(inherited)",
				);
				INFOPLIST_FILE = TweetBotAnimationTests/Info.plist;
				LD_RUNPATH_SEARCH_PATHS = "$(inherited) @executable_path/Frameworks @loader_path/Frameworks";
				PRODUCT_NAME = "$(TARGET_NAME)";
				TEST_HOST = "$(BUILT_PRODUCTS_DIR)/TweetBotAnimation.app/TweetBotAnimation";
			};
			name = Release;
		};
/* End XCBuildConfiguration section */

/* Begin XCConfigurationList section */
		03AAAE8C1AA60C82002C3710 /* Build configuration list for PBXProject "TweetBotAnimation" */ = {
			isa = XCConfigurationList;
			buildConfigurations = (
				03AAAEB21AA60C82002C3710 /* Debug */,
				03AAAEB31AA60C82002C3710 /* Release */,
			);
			defaultConfigurationIsVisible = 0;
			defaultConfigurationName = Release;
		};
		03AAAEB41AA60C82002C3710 /* Build configuration list for PBXNativeTarget "TweetBotAnimation" */ = {
			isa = XCConfigurationList;
			buildConfigurations = (
				03AAAEB51AA60C82002C3710 /* Debug */,
				03AAAEB61AA60C82002C3710 /* Release */,
			);
			defaultConfigurationIsVisible = 0;
		};
		03AAAEB71AA60C82002C3710 /* Build configuration list for PBXNativeTarget "TweetBotAnimationTests" */ = {
			isa = XCConfigurationList;
			buildConfigurations = (
				03AAAEB81AA60C82002C3710 /* Debug */,
				03AAAEB91AA60C82002C3710 /* Release */,
			);
			defaultConfigurationIsVisible = 0;
		};
/* End XCConfigurationList section */
	};
	rootObject = 03AAAE891AA60C82002C3710 /* Project object */;
}
