// !$*UTF8*$!
{
	archiveVersion = 1;
	classes = {
	};
	objectVersion = 46;
	objects = {

/* Begin PBXBuildFile section */
		03842DC118CC8A7100F0E3FA /* Foundation.framework in Frameworks */ = {isa = PBXBuildFile; fileRef = 03842DC018CC8A7100F0E3FA /* Foundation.framework */; };
		03842DC418CC8A7100F0E3FA /* main.m in Sources */ = {isa = PBXBuildFile; fileRef = 03842DC318CC8A7100F0E3FA /* main.m */; };
		03842DC818CC8A7100F0E3FA /* DemoBlocks.1 in CopyFiles */ = {isa = PBXBuildFile; fileRef = 03842DC718CC8A7100F0E3FA /* DemoBlocks.1 */; };
		03842DD018CC8A9E00F0E3FA /* MyBlockClass.m in Sources */ = {isa = PBXBuildFile; fileRef = 03842DCF18CC8A9E00F0E3FA /* MyBlockClass.m */; };
/* End PBXBuildFile section */

/* Begin PBXCopyFilesBuildPhase section */
		03842DBB18CC8A7100F0E3FA /* CopyFiles */ = {
			isa = PBXCopyFilesBuildPhase;
			buildActionMask = 2147483647;
			dstPath = /usr/share/man/man1/;
			dstSubfolderSpec = 0;
			files = (
				03842DC818CC8A7100F0E3FA /* DemoBlocks.1 in CopyFiles */,
			);
			runOnlyForDeploymentPostprocessing = 1;
		};
/* End PBXCopyFilesBuildPhase section */

/* Begin PBXFileReference section */
		03842DBD18CC8A7100F0E3FA /* DemoBlocks */ = {isa = PBXFileReference; explicitFileType = "compiled.mach-o.executable"; includeInIndex = 0; path = DemoBlocks; sourceTree = BUILT_PRODUCTS_DIR; };
		03842DC018CC8A7100F0E3FA /* Foundation.framework */ = {isa = PBXFileReference; lastKnownFileType = wrapper.framework; name = Foundation.framework; path = System/Library/Frameworks/Foundation.framework; sourceTree = SDKROOT; };
		03842DC318CC8A7100F0E3FA /* main.m */ = {isa = PBXFileReference; lastKnownFileType = sourcecode.c.objc; path = main.m; sourceTree = "<group>"; };
		03842DC618CC8A7100F0E3FA /* DemoBlocks-Prefix.pch */ = {isa = PBXFileReference; lastKnownFileType = sourcecode.c.h; path = "DemoBlocks-Prefix.pch"; sourceTree = "<group>"; };
		03842DC718CC8A7100F0E3FA /* DemoBlocks.1 */ = {isa = PBXFileReference; lastKnownFileType = text.man; path = DemoBlocks.1; sourceTree = "<group>"; };
		03842DCE18CC8A9E00F0E3FA /* MyBlockClass.h */ = {isa = PBXFileReference; fileEncoding = 4; lastKnownFileType = sourcecode.c.h; path = MyBlockClass.h; sourceTree = "<group>"; };
		03842DCF18CC8A9E00F0E3FA /* MyBlockClass.m */ = {isa = PBXFileReference; fileEncoding = 4; lastKnownFileType = sourcecode.c.objc; path = MyBlockClass.m; sourceTree = "<group>"; };
/* End PBXFileReference section */

/* Begin PBXFrameworksBuildPhase section */
		03842DBA18CC8A7100F0E3FA /* Frameworks */ = {
			isa = PBXFrameworksBuildPhase;
			buildActionMask = 2147483647;
			files = (
				03842DC118CC8A7100F0E3FA /* Foundation.framework in Frameworks */,
			);
			runOnlyForDeploymentPostprocessing = 0;
		};
/* End PBXFrameworksBuildPhase section */

/* Begin PBXGroup section */
		03842DB418CC8A7100F0E3FA = {
			isa = PBXGroup;
			children = (
				03842DC218CC8A7100F0E3FA /* DemoBlocks */,
				03842DBF18CC8A7100F0E3FA /* Frameworks */,
				03842DBE18CC8A7100F0E3FA /* Products */,
			);
			sourceTree = "<group>";
		};
		03842DBE18CC8A7100F0E3FA /* Products */ = {
			isa = PBXGroup;
			children = (
				03842DBD18CC8A7100F0E3FA /* DemoBlocks */,
			);
			name = Products;
			sourceTree = "<group>";
		};
		03842DBF18CC8A7100F0E3FA /* Frameworks */ = {
			isa = PBXGroup;
			children = (
				03842DC018CC8A7100F0E3FA /* Foundation.framework */,
			);
			name = Frameworks;
			sourceTree = "<group>";
		};
		03842DC218CC8A7100F0E3FA /* DemoBlocks */ = {
			isa = PBXGroup;
			children = (
				03842DCE18CC8A9E00F0E3FA /* MyBlockClass.h */,
				03842DCF18CC8A9E00F0E3FA /* MyBlockClass.m */,
				03842DC318CC8A7100F0E3FA /* main.m */,
				03842DC718CC8A7100F0E3FA /* DemoBlocks.1 */,
				03842DC518CC8A7100F0E3FA /* Supporting Files */,
			);
			path = DemoBlocks;
			sourceTree = "<group>";
		};
		03842DC518CC8A7100F0E3FA /* Supporting Files */ = {
			isa = PBXGroup;
			children = (
				03842DC618CC8A7100F0E3FA /* DemoBlocks-Prefix.pch */,
			);
			name = "Supporting Files";
			sourceTree = "<group>";
		};
/* End PBXGroup section */

/* Begin PBXNativeTarget section */
		03842DBC18CC8A7100F0E3FA /* DemoBlocks */ = {
			isa = PBXNativeTarget;
			buildConfigurationList = 03842DCB18CC8A7100F0E3FA /* Build configuration list for PBXNativeTarget "DemoBlocks" */;
			buildPhases = (
				03842DB918CC8A7100F0E3FA /* Sources */,
				03842DBA18CC8A7100F0E3FA /* Frameworks */,
				03842DBB18CC8A7100F0E3FA /* CopyFiles */,
			);
			buildRules = (
			);
			dependencies = (
			);
			name = DemoBlocks;
			productName = DemoBlocks;
			productReference = 03842DBD18CC8A7100F0E3FA /* DemoBlocks */;
			productType = "com.apple.product-type.tool";
		};
/* End PBXNativeTarget section */

/* Begin PBXProject section */
		03842DB518CC8A7100F0E3FA /* Project object */ = {
			isa = PBXProject;
			attributes = {
				LastUpgradeCheck = 0500;
				ORGANIZATIONNAME = "Nicolas VERINAUD";
			};
			buildConfigurationList = 03842DB818CC8A7100F0E3FA /* Build configuration list for PBXProject "DemoBlocks" */;
			compatibilityVersion = "Xcode 3.2";
			developmentRegion = English;
			hasScannedForEncodings = 0;
			knownRegions = (
				en,
			);
			mainGroup = 03842DB418CC8A7100F0E3FA;
			productRefGroup = 03842DBE18CC8A7100F0E3FA /* Products */;
			projectDirPath = "";
			projectRoot = "";
			targets = (
				03842DBC18CC8A7100F0E3FA /* DemoBlocks */,
			);
		};
/* End PBXProject section */

/* Begin PBXSourcesBuildPhase section */
		03842DB918CC8A7100F0E3FA /* Sources */ = {
			isa = PBXSourcesBuildPhase;
			buildActionMask = 2147483647;
			files = (
				03842DD018CC8A9E00F0E3FA /* MyBlockClass.m in Sources */,
				03842DC418CC8A7100F0E3FA /* main.m in Sources */,
			);
			runOnlyForDeploymentPostprocessing = 0;
		};
/* End PBXSourcesBuildPhase section */

/* Begin XCBuildConfiguration section */
		03842DC918CC8A7100F0E3FA /* Debug */ = {
			isa = XCBuildConfiguration;
			buildSettings = {
				ALWAYS_SEARCH_USER_PATHS = NO;
				CLANG_CXX_LANGUAGE_STANDARD = "gnu++0x";
				CLANG_CXX_LIBRARY = "libc++";
				CLANG_ENABLE_OBJC_ARC = YES;
				CLANG_WARN_BOOL_CONVERSION = YES;
				CLANG_WARN_CONSTANT_CONVERSION = YES;
				CLANG_WARN_DIRECT_OBJC_ISA_USAGE = YES_ERROR;
				CLANG_WARN_EMPTY_BODY = YES;
				CLANG_WARN_ENUM_CONVERSION = YES;
				CLANG_WARN_INT_CONVERSION = YES;
				CLANG_WARN_OBJC_ROOT_CLASS = YES_ERROR;
				CLANG_WARN__DUPLICATE_METHOD_MATCH = YES;
				COPY_PHASE_STRIP = NO;
				GCC_C_LANGUAGE_STANDARD = gnu99;
				GCC_DYNAMIC_NO_PIC = NO;
				GCC_ENABLE_OBJC_EXCEPTIONS = YES;
				GCC_OPTIMIZATION_LEVEL = 0;
				GCC_PREPROCESSOR_DEFINITIONS = (
					"DEBUG=1",
					"$(inherited)",
				);
				GCC_SYMBOLS_PRIVATE_EXTERN = NO;
				GCC_WARN_64_TO_32_BIT_CONVERSION = YES;
				GCC_WARN_ABOUT_RETURN_TYPE = YES_ERROR;
				GCC_WARN_UNDECLARED_SELECTOR = YES;
				GCC_WARN_UNINITIALIZED_AUTOS = YES;
				GCC_WARN_UNUSED_FUNCTION = YES;
				GCC_WARN_UNUSED_VARIABLE = YES;
				MACOSX_DEPLOYMENT_TARGET = 10.8;
				ONLY_ACTIVE_ARCH = YES;
				SDKROOT = macosx;
			};
			name = Debug;
		};
		03842DCA18CC8A7100F0E3FA /* Release */ = {
			isa = XCBuildConfiguration;
			buildSettings = {
				ALWAYS_SEARCH_USER_PATHS = NO;
				CLANG_CXX_LANGUAGE_STANDARD = "gnu++0x";
				CLANG_CXX_LIBRARY = "libc++";
				CLANG_ENABLE_OBJC_ARC = YES;
				CLANG_WARN_BOOL_CONVERSION = YES;
				CLANG_WARN_CONSTANT_CONVERSION = YES;
				CLANG_WARN_DIRECT_OBJC_ISA_USAGE = YES_ERROR;
				CLANG_WARN_EMPTY_BODY = YES;
				CLANG_WARN_ENUM_CONVERSION = YES;
				CLANG_WARN_INT_CONVERSION = YES;
				CLANG_WARN_OBJC_ROOT_CLASS = YES_ERROR;
				CLANG_WARN__DUPLICATE_METHOD_MATCH = YES;
				COPY_PHASE_STRIP = YES;
				DEBUG_INFORMATION_FORMAT = "dwarf-with-dsym";
				ENABLE_NS_ASSERTIONS = NO;
				GCC_C_LANGUAGE_STANDARD = gnu99;
				GCC_ENABLE_OBJC_EXCEPTIONS = YES;
				GCC_WARN_64_TO_32_BIT_CONVERSION = YES;
				GCC_WARN_ABOUT_RETURN_TYPE = YES_ERROR;
				GCC_WARN_UNDECLARED_SELECTOR = YES;
				GCC_WARN_UNINITIALIZED_AUTOS = YES;
				GCC_WARN_UNUSED_FUNCTION = YES;
				GCC_WARN_UNUSED_VARIABLE = YES;
				MACOSX_DEPLOYMENT_TARGET = 10.8;
				SDKROOT = macosx;
			};
			name = Release;
		};
		03842DCC18CC8A7100F0E3FA /* Debug */ = {
			isa = XCBuildConfiguration;
			buildSettings = {
				CLANG_ENABLE_OBJC_ARC = NO;
				GCC_PRECOMPILE_PREFIX_HEADER = YES;
				GCC_PREFIX_HEADER = "DemoBlocks/DemoBlocks-Prefix.pch";
				PRODUCT_NAME = "$(TARGET_NAME)";
			};
			name = Debug;
		};
		03842DCD18CC8A7100F0E3FA /* Release */ = {
			isa = XCBuildConfiguration;
			buildSettings = {
				CLANG_ENABLE_OBJC_ARC = NO;
				GCC_PRECOMPILE_PREFIX_HEADER = YES;
				GCC_PREFIX_HEADER = "DemoBlocks/DemoBlocks-Prefix.pch";
				PRODUCT_NAME = "$(TARGET_NAME)";
			};
			name = Release;
		};
/* End XCBuildConfiguration section */

/* Begin XCConfigurationList section */
		03842DB818CC8A7100F0E3FA /* Build configuration list for PBXProject "DemoBlocks" */ = {
			isa = XCConfigurationList;
			buildConfigurations = (
				03842DC918CC8A7100F0E3FA /* Debug */,
				03842DCA18CC8A7100F0E3FA /* Release */,
			);
			defaultConfigurationIsVisible = 0;
			defaultConfigurationName = Release;
		};
		03842DCB18CC8A7100F0E3FA /* Build configuration list for PBXNativeTarget "DemoBlocks" */ = {
			isa = XCConfigurationList;
			buildConfigurations = (
				03842DCC18CC8A7100F0E3FA /* Debug */,
				03842DCD18CC8A7100F0E3FA /* Release */,
			);
			defaultConfigurationIsVisible = 0;
			defaultConfigurationName = Release;
		};
/* End XCConfigurationList section */
	};
	rootObject = 03842DB518CC8A7100F0E3FA /* Project object */;
}
